// !$*UTF8*$!
{
	archiveVersion = 1;
	classes = {
	};
	objectVersion = 46;
	objects = {

/* Begin PBXBuildFile section */
		11322DE41857A2E30007E7B9 /* CoreData.framework in Frameworks */ = {isa = PBXBuildFile; fileRef = 11322DE31857A2E30007E7B9 /* CoreData.framework */; };
		11322DE61857A2E30007E7B9 /* Foundation.framework in Frameworks */ = {isa = PBXBuildFile; fileRef = 11322DE51857A2E30007E7B9 /* Foundation.framework */; };
		11322DE91857A2E30007E7B9 /* main.m in Sources */ = {isa = PBXBuildFile; fileRef = 11322DE81857A2E30007E7B9 /* main.m */; };
		11322DF71857A3070007E7B9 /* libxml2.dylib in Frameworks */ = {isa = PBXBuildFile; fileRef = 11322DF61857A3070007E7B9 /* libxml2.dylib */; };
		113383631859AA1900CBA6FF /* DrugsLoader.m in Sources */ = {isa = PBXBuildFile; fileRef = 1133835E1859AA1900CBA6FF /* DrugsLoader.m */; };
		113383641859AA1900CBA6FF /* FileDownloader.m in Sources */ = {isa = PBXBuildFile; fileRef = 113383601859AA1900CBA6FF /* FileDownloader.m */; };
		113383651859AA1900CBA6FF /* StedmansScraper.m in Sources */ = {isa = PBXBuildFile; fileRef = 113383621859AA1900CBA6FF /* StedmansScraper.m */; };
		113383A71859AAD400CBA6FF /* DictionarySynonym.m in Sources */ = {isa = PBXBuildFile; fileRef = 113383931859AAD400CBA6FF /* DictionarySynonym.m */; };
		113383A91859AAD400CBA6FF /* Favorite.m in Sources */ = {isa = PBXBuildFile; fileRef = 113383971859AAD400CBA6FF /* Favorite.m */; };
		113383AA1859AAD400CBA6FF /* History.m in Sources */ = {isa = PBXBuildFile; fileRef = 113383991859AAD400CBA6FF /* History.m */; };
		117E6CC818634D1E00D78A82 /* AppDoc.txt in CopyFiles */ = {isa = PBXBuildFile; fileRef = 1133836C1859AA7200CBA6FF /* AppDoc.txt */; };
		117E6CC918634D1E00D78A82 /* AppDocType_Lookup.txt in CopyFiles */ = {isa = PBXBuildFile; fileRef = 1133836D1859AA7200CBA6FF /* AppDocType_Lookup.txt */; };
		117E6CCA18634D1E00D78A82 /* application.txt in CopyFiles */ = {isa = PBXBuildFile; fileRef = 1133836E1859AA7200CBA6FF /* application.txt */; };
		117E6CCB18634D1E00D78A82 /* ChemTypeLookup.txt in CopyFiles */ = {isa = PBXBuildFile; fileRef = 1133836F1859AA7200CBA6FF /* ChemTypeLookup.txt */; };
		117E6CCC18634D1E00D78A82 /* DocType_lookup.txt in CopyFiles */ = {isa = PBXBuildFile; fileRef = 113383701859AA7200CBA6FF /* DocType_lookup.txt */; };
		117E6CCD18634D1E00D78A82 /* Product.txt in CopyFiles */ = {isa = PBXBuildFile; fileRef = 113383711859AA7200CBA6FF /* Product.txt */; };
		117E6CCE18634D1E00D78A82 /* Product_tecode.txt in CopyFiles */ = {isa = PBXBuildFile; fileRef = 113383721859AA7200CBA6FF /* Product_tecode.txt */; };
		117E6CCF18634D1E00D78A82 /* RegActionDate.txt in CopyFiles */ = {isa = PBXBuildFile; fileRef = 113383731859AA7200CBA6FF /* RegActionDate.txt */; };
		117E6CD018634D1E00D78A82 /* ReviewClass_Lookup.txt in CopyFiles */ = {isa = PBXBuildFile; fileRef = 113383741859AA7200CBA6FF /* ReviewClass_Lookup.txt */; };
		119B62F3185C827C009D3184 /* DictionaryDefinition.m in Sources */ = {isa = PBXBuildFile; fileRef = 119B62EE185C827C009D3184 /* DictionaryDefinition.m */; };
		119B62F4185C827C009D3184 /* DictionaryTerm.m in Sources */ = {isa = PBXBuildFile; fileRef = 119B62F0185C827C009D3184 /* DictionaryTerm.m */; };
		119B62F5185C827C009D3184 /* DictionaryXRef.m in Sources */ = {isa = PBXBuildFile; fileRef = 119B62F2185C827C009D3184 /* DictionaryXRef.m */; };
		58264E88189E97E200D83B00 /* libJJJ.a in Frameworks */ = {isa = PBXBuildFile; fileRef = 58264E6E189E95B300D83B00 /* libJJJ.a */; };
		8C97C5551904EC2C000CEA20 /* DrugAppDoc.m in Sources */ = {isa = PBXBuildFile; fileRef = 8C97C5441904EC2C000CEA20 /* DrugAppDoc.m */; };
		8C97C5561904EC2C000CEA20 /* DrugAppDocType_Lookup.m in Sources */ = {isa = PBXBuildFile; fileRef = 8C97C5461904EC2C000CEA20 /* DrugAppDocType_Lookup.m */; };
		8C97C5571904EC2C000CEA20 /* DrugApplication.m in Sources */ = {isa = PBXBuildFile; fileRef = 8C97C5481904EC2C000CEA20 /* DrugApplication.m */; };
		8C97C5581904EC2C000CEA20 /* DrugChemicalType_Lookup.m in Sources */ = {isa = PBXBuildFile; fileRef = 8C97C54A1904EC2C000CEA20 /* DrugChemicalType_Lookup.m */; };
		8C97C5591904EC2C000CEA20 /* DrugDocType_Lookup.m in Sources */ = {isa = PBXBuildFile; fileRef = 8C97C54C1904EC2C000CEA20 /* DrugDocType_Lookup.m */; };
		8C97C55A1904EC2C000CEA20 /* DrugProduct_TECode.m in Sources */ = {isa = PBXBuildFile; fileRef = 8C97C54E1904EC2C000CEA20 /* DrugProduct_TECode.m */; };
		8C97C55B1904EC2C000CEA20 /* DrugProduct.m in Sources */ = {isa = PBXBuildFile; fileRef = 8C97C5501904EC2C000CEA20 /* DrugProduct.m */; };
		8C97C55C1904EC2C000CEA20 /* DrugRegActionDate.m in Sources */ = {isa = PBXBuildFile; fileRef = 8C97C5521904EC2C000CEA20 /* DrugRegActionDate.m */; };
		8C97C55D1904EC2C000CEA20 /* DrugReviewClass_Lookup.m in Sources */ = {isa = PBXBuildFile; fileRef = 8C97C5541904EC2C000CEA20 /* DrugReviewClass_Lookup.m */; };
		8C97C56E1904F27A000CEA20 /* database.xcdatamodeld in Sources */ = {isa = PBXBuildFile; fileRef = 8C97C5691904F27A000CEA20 /* database.xcdatamodeld */; };
		B631D180A81C48A49AE71C6D /* libPods-DataSource.a in Frameworks */ = {isa = PBXBuildFile; fileRef = D306F727684247149BF7310D /* libPods-DataSource.a */; };
/* End PBXBuildFile section */

/* Begin PBXContainerItemProxy section */
		58264E6D189E95B300D83B00 /* PBXContainerItemProxy */ = {
			isa = PBXContainerItemProxy;
			containerPortal = 58264E67189E95B200D83B00 /* JJJ.xcodeproj */;
			proxyType = 2;
			remoteGlobalIDString = 580E1D4C189E8DDA00336A44;
			remoteInfo = JJJ;
		};
		58264E6F189E95B300D83B00 /* PBXContainerItemProxy */ = {
			isa = PBXContainerItemProxy;
			containerPortal = 58264E67189E95B200D83B00 /* JJJ.xcodeproj */;
			proxyType = 2;
			remoteGlobalIDString = 580E1D5C189E8DDB00336A44;
			remoteInfo = JJJTests;
		};
		58264E71189E95B300D83B00 /* PBXContainerItemProxy */ = {
			isa = PBXContainerItemProxy;
			containerPortal = 58264E67189E95B200D83B00 /* JJJ.xcodeproj */;
			proxyType = 2;
			remoteGlobalIDString = 580E1D79189E8F4000336A44;
			remoteInfo = JJJBundle;
		};
/* End PBXContainerItemProxy section */

/* Begin PBXCopyFilesBuildPhase section */
		11322DDE1857A2E30007E7B9 /* CopyFiles */ = {
			isa = PBXCopyFilesBuildPhase;
			buildActionMask = 12;
			dstPath = Data;
			dstSubfolderSpec = 16;
			files = (
				117E6CC818634D1E00D78A82 /* AppDoc.txt in CopyFiles */,
				117E6CC918634D1E00D78A82 /* AppDocType_Lookup.txt in CopyFiles */,
				117E6CCA18634D1E00D78A82 /* application.txt in CopyFiles */,
				117E6CCB18634D1E00D78A82 /* ChemTypeLookup.txt in CopyFiles */,
				117E6CCC18634D1E00D78A82 /* DocType_lookup.txt in CopyFiles */,
				117E6CCD18634D1E00D78A82 /* Product.txt in CopyFiles */,
				117E6CCE18634D1E00D78A82 /* Product_tecode.txt in CopyFiles */,
				117E6CCF18634D1E00D78A82 /* RegActionDate.txt in CopyFiles */,
				117E6CD018634D1E00D78A82 /* ReviewClass_Lookup.txt in CopyFiles */,
			);
			runOnlyForDeploymentPostprocessing = 0;
		};
/* End PBXCopyFilesBuildPhase section */

/* Begin PBXFileReference section */
		10F2562502044ED380BA6CD7 /* Pods-DataSource.xcconfig */ = {isa = PBXFileReference; includeInIndex = 1; lastKnownFileType = text.xcconfig; name = "Pods-DataSource.xcconfig"; path = "Pods/Pods-DataSource.xcconfig"; sourceTree = "<group>"; };
		11322DE01857A2E30007E7B9 /* DataSource */ = {isa = PBXFileReference; explicitFileType = "compiled.mach-o.executable"; includeInIndex = 0; path = DataSource; sourceTree = BUILT_PRODUCTS_DIR; };
		11322DE31857A2E30007E7B9 /* CoreData.framework */ = {isa = PBXFileReference; lastKnownFileType = wrapper.framework; name = CoreData.framework; path = System/Library/Frameworks/CoreData.framework; sourceTree = SDKROOT; };
		11322DE51857A2E30007E7B9 /* Foundation.framework */ = {isa = PBXFileReference; lastKnownFileType = wrapper.framework; name = Foundation.framework; path = System/Library/Frameworks/Foundation.framework; sourceTree = SDKROOT; };
		11322DE81857A2E30007E7B9 /* main.m */ = {isa = PBXFileReference; lastKnownFileType = sourcecode.c.objc; path = main.m; sourceTree = "<group>"; };
		11322DEB1857A2E30007E7B9 /* DataSource-Prefix.pch */ = {isa = PBXFileReference; lastKnownFileType = sourcecode.c.h; path = "DataSource-Prefix.pch"; sourceTree = "<group>"; };
		11322DF61857A3070007E7B9 /* libxml2.dylib */ = {isa = PBXFileReference; lastKnownFileType = "compiled.mach-o.dylib"; name = libxml2.dylib; path = usr/lib/libxml2.dylib; sourceTree = SDKROOT; };
		1133835D1859AA1900CBA6FF /* DrugsLoader.h */ = {isa = PBXFileReference; fileEncoding = 4; lastKnownFileType = sourcecode.c.h; path = DrugsLoader.h; sourceTree = "<group>"; };
		1133835E1859AA1900CBA6FF /* DrugsLoader.m */ = {isa = PBXFileReference; fileEncoding = 4; lastKnownFileType = sourcecode.c.objc; path = DrugsLoader.m; sourceTree = "<group>"; };
		1133835F1859AA1900CBA6FF /* FileDownloader.h */ = {isa = PBXFileReference; fileEncoding = 4; lastKnownFileType = sourcecode.c.h; path = FileDownloader.h; sourceTree = "<group>"; };
		113383601859AA1900CBA6FF /* FileDownloader.m */ = {isa = PBXFileReference; fileEncoding = 4; lastKnownFileType = sourcecode.c.objc; path = FileDownloader.m; sourceTree = "<group>"; };
		113383611859AA1900CBA6FF /* StedmansScraper.h */ = {isa = PBXFileReference; fileEncoding = 4; lastKnownFileType = sourcecode.c.h; path = StedmansScraper.h; sourceTree = "<group>"; };
		113383621859AA1900CBA6FF /* StedmansScraper.m */ = {isa = PBXFileReference; fileEncoding = 4; lastKnownFileType = sourcecode.c.objc; path = StedmansScraper.m; sourceTree = "<group>"; };
		1133836A1859AA7200CBA6FF /* db.sql */ = {isa = PBXFileReference; fileEncoding = 4; lastKnownFileType = text; path = db.sql; sourceTree = "<group>"; };
		1133836C1859AA7200CBA6FF /* AppDoc.txt */ = {isa = PBXFileReference; fileEncoding = 4; lastKnownFileType = text; path = AppDoc.txt; sourceTree = "<group>"; };
		1133836D1859AA7200CBA6FF /* AppDocType_Lookup.txt */ = {isa = PBXFileReference; fileEncoding = 4; lastKnownFileType = text; path = AppDocType_Lookup.txt; sourceTree = "<group>"; };
		1133836E1859AA7200CBA6FF /* application.txt */ = {isa = PBXFileReference; fileEncoding = 4; lastKnownFileType = text; path = application.txt; sourceTree = "<group>"; };
		1133836F1859AA7200CBA6FF /* ChemTypeLookup.txt */ = {isa = PBXFileReference; fileEncoding = 4; lastKnownFileType = text; path = ChemTypeLookup.txt; sourceTree = "<group>"; };
		113383701859AA7200CBA6FF /* DocType_lookup.txt */ = {isa = PBXFileReference; fileEncoding = 4; lastKnownFileType = text; path = DocType_lookup.txt; sourceTree = "<group>"; };
		113383711859AA7200CBA6FF /* Product.txt */ = {isa = PBXFileReference; fileEncoding = 4; lastKnownFileType = text; path = Product.txt; sourceTree = "<group>"; };
		113383721859AA7200CBA6FF /* Product_tecode.txt */ = {isa = PBXFileReference; fileEncoding = 4; lastKnownFileType = text; path = Product_tecode.txt; sourceTree = "<group>"; };
		113383731859AA7200CBA6FF /* RegActionDate.txt */ = {isa = PBXFileReference; fileEncoding = 4; lastKnownFileType = text; path = RegActionDate.txt; sourceTree = "<group>"; };
		113383741859AA7200CBA6FF /* ReviewClass_Lookup.txt */ = {isa = PBXFileReference; fileEncoding = 4; lastKnownFileType = text; path = ReviewClass_Lookup.txt; sourceTree = "<group>"; };
		113383921859AAD400CBA6FF /* DictionarySynonym.h */ = {isa = PBXFileReference; fileEncoding = 4; lastKnownFileType = sourcecode.c.h; name = DictionarySynonym.h; path = "../../Dr. Lee's Reference/Dr. Lee's Reference/Model/DictionarySynonym.h"; sourceTree = "<group>"; };
		113383931859AAD400CBA6FF /* DictionarySynonym.m */ = {isa = PBXFileReference; fileEncoding = 4; lastKnownFileType = sourcecode.c.objc; name = DictionarySynonym.m; path = "../../Dr. Lee's Reference/Dr. Lee's Reference/Model/DictionarySynonym.m"; sourceTree = "<group>"; };
		113383961859AAD400CBA6FF /* Favorite.h */ = {isa = PBXFileReference; fileEncoding = 4; lastKnownFileType = sourcecode.c.h; name = Favorite.h; path = "../../Dr. Lee's Reference/Dr. Lee's Reference/Model/Favorite.h"; sourceTree = "<group>"; };
		113383971859AAD400CBA6FF /* Favorite.m */ = {isa = PBXFileReference; fileEncoding = 4; lastKnownFileType = sourcecode.c.objc; name = Favorite.m; path = "../../Dr. Lee's Reference/Dr. Lee's Reference/Model/Favorite.m"; sourceTree = "<group>"; };
		113383981859AAD400CBA6FF /* History.h */ = {isa = PBXFileReference; fileEncoding = 4; lastKnownFileType = sourcecode.c.h; name = History.h; path = "../../Dr. Lee's Reference/Dr. Lee's Reference/Model/History.h"; sourceTree = "<group>"; };
		113383991859AAD400CBA6FF /* History.m */ = {isa = PBXFileReference; fileEncoding = 4; lastKnownFileType = sourcecode.c.objc; name = History.m; path = "../../Dr. Lee's Reference/Dr. Lee's Reference/Model/History.m"; sourceTree = "<group>"; };
		119B62ED185C827C009D3184 /* DictionaryDefinition.h */ = {isa = PBXFileReference; fileEncoding = 4; lastKnownFileType = sourcecode.c.h; name = DictionaryDefinition.h; path = "../../Dr. Lee's Reference/Dr. Lee's Reference/Model/DictionaryDefinition.h"; sourceTree = "<group>"; };
		119B62EE185C827C009D3184 /* DictionaryDefinition.m */ = {isa = PBXFileReference; fileEncoding = 4; lastKnownFileType = sourcecode.c.objc; name = DictionaryDefinition.m; path = "../../Dr. Lee's Reference/Dr. Lee's Reference/Model/DictionaryDefinition.m"; sourceTree = "<group>"; };
		119B62EF185C827C009D3184 /* DictionaryTerm.h */ = {isa = PBXFileReference; fileEncoding = 4; lastKnownFileType = sourcecode.c.h; name = DictionaryTerm.h; path = "../../Dr. Lee's Reference/Dr. Lee's Reference/Model/DictionaryTerm.h"; sourceTree = "<group>"; };
		119B62F0185C827C009D3184 /* DictionaryTerm.m */ = {isa = PBXFileReference; fileEncoding = 4; lastKnownFileType = sourcecode.c.objc; name = DictionaryTerm.m; path = "../../Dr. Lee's Reference/Dr. Lee's Reference/Model/DictionaryTerm.m"; sourceTree = "<group>"; };
		119B62F1185C827C009D3184 /* DictionaryXRef.h */ = {isa = PBXFileReference; fileEncoding = 4; lastKnownFileType = sourcecode.c.h; name = DictionaryXRef.h; path = "../../Dr. Lee's Reference/Dr. Lee's Reference/Model/DictionaryXRef.h"; sourceTree = "<group>"; };
		119B62F2185C827C009D3184 /* DictionaryXRef.m */ = {isa = PBXFileReference; fileEncoding = 4; lastKnownFileType = sourcecode.c.objc; name = DictionaryXRef.m; path = "../../Dr. Lee's Reference/Dr. Lee's Reference/Model/DictionaryXRef.m"; sourceTree = "<group>"; };
		119F65931867F43800EF658B /* icd10pcs_definitions.xsd */ = {isa = PBXFileReference; fileEncoding = 4; lastKnownFileType = text.xml; path = icd10pcs_definitions.xsd; sourceTree = "<group>"; };
		119F65941867F43800EF658B /* icd10pcs_definitions_2014.xml */ = {isa = PBXFileReference; fileEncoding = 4; lastKnownFileType = text.xml; path = icd10pcs_definitions_2014.xml; sourceTree = "<group>"; };
		119F65951867F43800EF658B /* icd10pcs_index.xsd */ = {isa = PBXFileReference; fileEncoding = 4; lastKnownFileType = text.xml; path = icd10pcs_index.xsd; sourceTree = "<group>"; };
		119F65961867F43800EF658B /* icd10pcs_index_2014.xml */ = {isa = PBXFileReference; fileEncoding = 4; lastKnownFileType = text.xml; path = icd10pcs_index_2014.xml; sourceTree = "<group>"; };
		119F65971867F43800EF658B /* icd10pcs_tabular.xsd */ = {isa = PBXFileReference; fileEncoding = 4; lastKnownFileType = text.xml; path = icd10pcs_tabular.xsd; sourceTree = "<group>"; };
		119F65981867F43800EF658B /* icd10pcs_tabular_2014.xml */ = {isa = PBXFileReference; fileEncoding = 4; lastKnownFileType = text.xml; path = icd10pcs_tabular_2014.xml; sourceTree = "<group>"; };
		119F65991867F43800EF658B /* PCS_2014.pdf */ = {isa = PBXFileReference; lastKnownFileType = image.pdf; path = PCS_2014.pdf; sourceTree = "<group>"; };
		119F659B1867F43800EF658B /* Drug.pdf */ = {isa = PBXFileReference; lastKnownFileType = image.pdf; path = Drug.pdf; sourceTree = "<group>"; };
		119F659C1867F43800EF658B /* Drug.xml */ = {isa = PBXFileReference; fileEncoding = 4; lastKnownFileType = text.xml; path = Drug.xml; sourceTree = "<group>"; };
		119F659D1867F43800EF658B /* E-Index.pdf */ = {isa = PBXFileReference; lastKnownFileType = image.pdf; path = "E-Index.pdf"; sourceTree = "<group>"; };
		119F659E1867F43800EF658B /* E-Index.xml */ = {isa = PBXFileReference; fileEncoding = 4; lastKnownFileType = text.xml; path = "E-Index.xml"; sourceTree = "<group>"; };
		119F659F1867F43800EF658B /* Index.pdf */ = {isa = PBXFileReference; lastKnownFileType = image.pdf; path = Index.pdf; sourceTree = "<group>"; };
		119F65A01867F43800EF658B /* Index.xml */ = {isa = PBXFileReference; fileEncoding = 4; lastKnownFileType = text.xml; path = Index.xml; sourceTree = "<group>"; };
		119F65A11867F43800EF658B /* Neoplasm.pdf */ = {isa = PBXFileReference; lastKnownFileType = image.pdf; path = Neoplasm.pdf; sourceTree = "<group>"; };
		119F65A21867F43800EF658B /* Neoplasm.xml */ = {isa = PBXFileReference; fileEncoding = 4; lastKnownFileType = text.xml; path = Neoplasm.xml; sourceTree = "<group>"; };
		119F65A31867F43800EF658B /* Tabular.pdf */ = {isa = PBXFileReference; lastKnownFileType = image.pdf; path = Tabular.pdf; sourceTree = "<group>"; };
		119F65A41867F43800EF658B /* Tabular.xml */ = {isa = PBXFileReference; fileEncoding = 4; lastKnownFileType = text.xml; path = Tabular.xml; sourceTree = "<group>"; };
		58264E61189E941F00D83B00 /* libJJJ.a */ = {isa = PBXFileReference; lastKnownFileType = archive.ar; name = libJJJ.a; path = "../../../../../../../../Users/buttmanizer/Library/Developer/Xcode/DerivedData/Dr._Lee's_Reference-czjeuqoykfphysdhxudpnheeuitz/Build/Products/Debug-iphoneos/libJJJ.a"; sourceTree = "<group>"; };
		58264E67189E95B200D83B00 /* JJJ.xcodeproj */ = {isa = PBXFileReference; lastKnownFileType = "wrapper.pb-project"; name = JJJ.xcodeproj; path = ../jjj/JJJ/JJJ.xcodeproj; sourceTree = "<group>"; };
		8C97C5431904EC2C000CEA20 /* DrugAppDoc.h */ = {isa = PBXFileReference; fileEncoding = 4; lastKnownFileType = sourcecode.c.h; name = DrugAppDoc.h; path = "../../Dr. Lee's Reference/Dr. Lee's Reference/Model/DrugAppDoc.h"; sourceTree = "<group>"; };
		8C97C5441904EC2C000CEA20 /* DrugAppDoc.m */ = {isa = PBXFileReference; fileEncoding = 4; lastKnownFileType = sourcecode.c.objc; name = DrugAppDoc.m; path = "../../Dr. Lee's Reference/Dr. Lee's Reference/Model/DrugAppDoc.m"; sourceTree = "<group>"; };
		8C97C5451904EC2C000CEA20 /* DrugAppDocType_Lookup.h */ = {isa = PBXFileReference; fileEncoding = 4; lastKnownFileType = sourcecode.c.h; name = DrugAppDocType_Lookup.h; path = "../../Dr. Lee's Reference/Dr. Lee's Reference/Model/DrugAppDocType_Lookup.h"; sourceTree = "<group>"; };
		8C97C5461904EC2C000CEA20 /* DrugAppDocType_Lookup.m */ = {isa = PBXFileReference; fileEncoding = 4; lastKnownFileType = sourcecode.c.objc; name = DrugAppDocType_Lookup.m; path = "../../Dr. Lee's Reference/Dr. Lee's Reference/Model/DrugAppDocType_Lookup.m"; sourceTree = "<group>"; };
		8C97C5471904EC2C000CEA20 /* DrugApplication.h */ = {isa = PBXFileReference; fileEncoding = 4; lastKnownFileType = sourcecode.c.h; name = DrugApplication.h; path = "../../Dr. Lee's Reference/Dr. Lee's Reference/Model/DrugApplication.h"; sourceTree = "<group>"; };
		8C97C5481904EC2C000CEA20 /* DrugApplication.m */ = {isa = PBXFileReference; fileEncoding = 4; lastKnownFileType = sourcecode.c.objc; name = DrugApplication.m; path = "../../Dr. Lee's Reference/Dr. Lee's Reference/Model/DrugApplication.m"; sourceTree = "<group>"; };
		8C97C5491904EC2C000CEA20 /* DrugChemicalType_Lookup.h */ = {isa = PBXFileReference; fileEncoding = 4; lastKnownFileType = sourcecode.c.h; name = DrugChemicalType_Lookup.h; path = "../../Dr. Lee's Reference/Dr. Lee's Reference/Model/DrugChemicalType_Lookup.h"; sourceTree = "<group>"; };
		8C97C54A1904EC2C000CEA20 /* DrugChemicalType_Lookup.m */ = {isa = PBXFileReference; fileEncoding = 4; lastKnownFileType = sourcecode.c.objc; name = DrugChemicalType_Lookup.m; path = "../../Dr. Lee's Reference/Dr. Lee's Reference/Model/DrugChemicalType_Lookup.m"; sourceTree = "<group>"; };
		8C97C54B1904EC2C000CEA20 /* DrugDocType_Lookup.h */ = {isa = PBXFileReference; fileEncoding = 4; lastKnownFileType = sourcecode.c.h; name = DrugDocType_Lookup.h; path = "../../Dr. Lee's Reference/Dr. Lee's Reference/Model/DrugDocType_Lookup.h"; sourceTree = "<group>"; };
		8C97C54C1904EC2C000CEA20 /* DrugDocType_Lookup.m */ = {isa = PBXFileReference; fileEncoding = 4; lastKnownFileType = sourcecode.c.objc; name = DrugDocType_Lookup.m; path = "../../Dr. Lee's Reference/Dr. Lee's Reference/Model/DrugDocType_Lookup.m"; sourceTree = "<group>"; };
		8C97C54D1904EC2C000CEA20 /* DrugProduct_TECode.h */ = {isa = PBXFileReference; fileEncoding = 4; lastKnownFileType = sourcecode.c.h; name = DrugProduct_TECode.h; path = "../../Dr. Lee's Reference/Dr. Lee's Reference/Model/DrugProduct_TECode.h"; sourceTree = "<group>"; };
		8C97C54E1904EC2C000CEA20 /* DrugProduct_TECode.m */ = {isa = PBXFileReference; fileEncoding = 4; lastKnownFileType = sourcecode.c.objc; name = DrugProduct_TECode.m; path = "../../Dr. Lee's Reference/Dr. Lee's Reference/Model/DrugProduct_TECode.m"; sourceTree = "<group>"; };
		8C97C54F1904EC2C000CEA20 /* DrugProduct.h */ = {isa = PBXFileReference; fileEncoding = 4; lastKnownFileType = sourcecode.c.h; name = DrugProduct.h; path = "../../Dr. Lee's Reference/Dr. Lee's Reference/Model/DrugProduct.h"; sourceTree = "<group>"; };
		8C97C5501904EC2C000CEA20 /* DrugProduct.m */ = {isa = PBXFileReference; fileEncoding = 4; lastKnownFileType = sourcecode.c.objc; name = DrugProduct.m; path = "../../Dr. Lee's Reference/Dr. Lee's Reference/Model/DrugProduct.m"; sourceTree = "<group>"; };
		8C97C5511904EC2C000CEA20 /* DrugRegActionDate.h */ = {isa = PBXFileReference; fileEncoding = 4; lastKnownFileType = sourcecode.c.h; name = DrugRegActionDate.h; path = "../../Dr. Lee's Reference/Dr. Lee's Reference/Model/DrugRegActionDate.h"; sourceTree = "<group>"; };
		8C97C5521904EC2C000CEA20 /* DrugRegActionDate.m */ = {isa = PBXFileReference; fileEncoding = 4; lastKnownFileType = sourcecode.c.objc; name = DrugRegActionDate.m; path = "../../Dr. Lee's Reference/Dr. Lee's Reference/Model/DrugRegActionDate.m"; sourceTree = "<group>"; };
		8C97C5531904EC2C000CEA20 /* DrugReviewClass_Lookup.h */ = {isa = PBXFileReference; fileEncoding = 4; lastKnownFileType = sourcecode.c.h; name = DrugReviewClass_Lookup.h; path = "../../Dr. Lee's Reference/Dr. Lee's Reference/Model/DrugReviewClass_Lookup.h"; sourceTree = "<group>"; };
		8C97C5541904EC2C000CEA20 /* DrugReviewClass_Lookup.m */ = {isa = PBXFileReference; fileEncoding = 4; lastKnownFileType = sourcecode.c.objc; name = DrugReviewClass_Lookup.m; path = "../../Dr. Lee's Reference/Dr. Lee's Reference/Model/DrugReviewClass_Lookup.m"; sourceTree = "<group>"; };
		8C97C56A1904F27A000CEA20 /* 1.xcdatamodel */ = {isa = PBXFileReference; lastKnownFileType = wrapper.xcdatamodel; path = 1.xcdatamodel; sourceTree = "<group>"; };
		8C97C56B1904F27A000CEA20 /* 2.xcdatamodel */ = {isa = PBXFileReference; lastKnownFileType = wrapper.xcdatamodel; path = 2.xcdatamodel; sourceTree = "<group>"; };
		8C97C56C1904F27A000CEA20 /* 3.xcdatamodel */ = {isa = PBXFileReference; lastKnownFileType = wrapper.xcdatamodel; path = 3.xcdatamodel; sourceTree = "<group>"; };
		8C97C56D1904F27A000CEA20 /* database.xcdatamodel */ = {isa = PBXFileReference; lastKnownFileType = wrapper.xcdatamodel; path = database.xcdatamodel; sourceTree = "<group>"; };
		D306F727684247149BF7310D /* libPods-DataSource.a */ = {isa = PBXFileReference; explicitFileType = archive.ar; includeInIndex = 0; path = "libPods-DataSource.a"; sourceTree = BUILT_PRODUCTS_DIR; };
/* End PBXFileReference section */

/* Begin PBXFrameworksBuildPhase section */
		11322DDD1857A2E30007E7B9 /* Frameworks */ = {
			isa = PBXFrameworksBuildPhase;
			buildActionMask = 2147483647;
			files = (
				58264E88189E97E200D83B00 /* libJJJ.a in Frameworks */,
				11322DF71857A3070007E7B9 /* libxml2.dylib in Frameworks */,
				11322DE41857A2E30007E7B9 /* CoreData.framework in Frameworks */,
				11322DE61857A2E30007E7B9 /* Foundation.framework in Frameworks */,
				B631D180A81C48A49AE71C6D /* libPods-DataSource.a in Frameworks */,
			);
			runOnlyForDeploymentPostprocessing = 0;
		};
/* End PBXFrameworksBuildPhase section */

/* Begin PBXGroup section */
		11322DD71857A2E30007E7B9 = {
			isa = PBXGroup;
			children = (
				58264E67189E95B200D83B00 /* JJJ.xcodeproj */,
				11322DE71857A2E30007E7B9 /* DataSource */,
				11322DE21857A2E30007E7B9 /* Frameworks */,
				11322DE11857A2E30007E7B9 /* Products */,
				10F2562502044ED380BA6CD7 /* Pods-DataSource.xcconfig */,
			);
			sourceTree = "<group>";
		};
		11322DE11857A2E30007E7B9 /* Products */ = {
			isa = PBXGroup;
			children = (
				11322DE01857A2E30007E7B9 /* DataSource */,
			);
			name = Products;
			sourceTree = "<group>";
		};
		11322DE21857A2E30007E7B9 /* Frameworks */ = {
			isa = PBXGroup;
			children = (
				58264E61189E941F00D83B00 /* libJJJ.a */,
				11322DF61857A3070007E7B9 /* libxml2.dylib */,
				11322DE31857A2E30007E7B9 /* CoreData.framework */,
				11322DE51857A2E30007E7B9 /* Foundation.framework */,
				D306F727684247149BF7310D /* libPods-DataSource.a */,
			);
			name = Frameworks;
			sourceTree = "<group>";
		};
		11322DE71857A2E30007E7B9 /* DataSource */ = {
			isa = PBXGroup;
			children = (
				1133835C1859A9EA00CBA6FF /* Controller */,
				113383691859AA5E00CBA6FF /* Data */,
				11322DE81857A2E30007E7B9 /* main.m */,
				113383871859AABB00CBA6FF /* Model */,
				11322DEA1857A2E30007E7B9 /* Supporting Files */,
			);
			path = DataSource;
			sourceTree = "<group>";
		};
		11322DEA1857A2E30007E7B9 /* Supporting Files */ = {
			isa = PBXGroup;
			children = (
				11322DEB1857A2E30007E7B9 /* DataSource-Prefix.pch */,
			);
			name = "Supporting Files";
			sourceTree = "<group>";
		};
		1133835C1859A9EA00CBA6FF /* Controller */ = {
			isa = PBXGroup;
			children = (
				1133835D1859AA1900CBA6FF /* DrugsLoader.h */,
				1133835E1859AA1900CBA6FF /* DrugsLoader.m */,
				1133835F1859AA1900CBA6FF /* FileDownloader.h */,
				113383601859AA1900CBA6FF /* FileDownloader.m */,
				113383611859AA1900CBA6FF /* StedmansScraper.h */,
				113383621859AA1900CBA6FF /* StedmansScraper.m */,
			);
			path = Controller;
			sourceTree = "<group>";
		};
		113383691859AA5E00CBA6FF /* Data */ = {
			isa = PBXGroup;
			children = (
				8C97C5691904F27A000CEA20 /* database.xcdatamodeld */,
				1133836A1859AA7200CBA6FF /* db.sql */,
				1133836B1859AA7200CBA6FF /* drugsatfda */,
				113383751859AA7200CBA6FF /* icd10 */,
			);
			path = Data;
			sourceTree = "<group>";
		};
		1133836B1859AA7200CBA6FF /* drugsatfda */ = {
			isa = PBXGroup;
			children = (
				1133836C1859AA7200CBA6FF /* AppDoc.txt */,
				1133836D1859AA7200CBA6FF /* AppDocType_Lookup.txt */,
				1133836E1859AA7200CBA6FF /* application.txt */,
				1133836F1859AA7200CBA6FF /* ChemTypeLookup.txt */,
				113383701859AA7200CBA6FF /* DocType_lookup.txt */,
				113383711859AA7200CBA6FF /* Product.txt */,
				113383721859AA7200CBA6FF /* Product_tecode.txt */,
				113383731859AA7200CBA6FF /* RegActionDate.txt */,
				113383741859AA7200CBA6FF /* ReviewClass_Lookup.txt */,
			);
			path = drugsatfda;
			sourceTree = "<group>";
		};
		113383751859AA7200CBA6FF /* icd10 */ = {
			isa = PBXGroup;
			children = (
				119F65921867F43800EF658B /* 2014-Code-Tables-and-Index */,
				119F659A1867F43800EF658B /* 2014-ICD10-Code-Tables-and-Index */,
			);
			path = icd10;
			sourceTree = "<group>";
		};
		113383871859AABB00CBA6FF /* Model */ = {
			isa = PBXGroup;
			children = (
				119B62ED185C827C009D3184 /* DictionaryDefinition.h */,
				119B62EE185C827C009D3184 /* DictionaryDefinition.m */,
				113383921859AAD400CBA6FF /* DictionarySynonym.h */,
				113383931859AAD400CBA6FF /* DictionarySynonym.m */,
				119B62EF185C827C009D3184 /* DictionaryTerm.h */,
				119B62F0185C827C009D3184 /* DictionaryTerm.m */,
				119B62F1185C827C009D3184 /* DictionaryXRef.h */,
				119B62F2185C827C009D3184 /* DictionaryXRef.m */,
				8C97C5431904EC2C000CEA20 /* DrugAppDoc.h */,
				8C97C5441904EC2C000CEA20 /* DrugAppDoc.m */,
				8C97C5451904EC2C000CEA20 /* DrugAppDocType_Lookup.h */,
				8C97C5461904EC2C000CEA20 /* DrugAppDocType_Lookup.m */,
				8C97C5471904EC2C000CEA20 /* DrugApplication.h */,
				8C97C5481904EC2C000CEA20 /* DrugApplication.m */,
				8C97C5491904EC2C000CEA20 /* DrugChemicalType_Lookup.h */,
				8C97C54A1904EC2C000CEA20 /* DrugChemicalType_Lookup.m */,
				8C97C54B1904EC2C000CEA20 /* DrugDocType_Lookup.h */,
				8C97C54C1904EC2C000CEA20 /* DrugDocType_Lookup.m */,
				8C97C54F1904EC2C000CEA20 /* DrugProduct.h */,
				8C97C5501904EC2C000CEA20 /* DrugProduct.m */,
				8C97C54D1904EC2C000CEA20 /* DrugProduct_TECode.h */,
				8C97C54E1904EC2C000CEA20 /* DrugProduct_TECode.m */,
				8C97C5511904EC2C000CEA20 /* DrugRegActionDate.h */,
				8C97C5521904EC2C000CEA20 /* DrugRegActionDate.m */,
				8C97C5531904EC2C000CEA20 /* DrugReviewClass_Lookup.h */,
				8C97C5541904EC2C000CEA20 /* DrugReviewClass_Lookup.m */,
				113383961859AAD400CBA6FF /* Favorite.h */,
				113383971859AAD400CBA6FF /* Favorite.m */,
				113383981859AAD400CBA6FF /* History.h */,
				113383991859AAD400CBA6FF /* History.m */,
			);
			name = Model;
			sourceTree = "<group>";
		};
		119F65921867F43800EF658B /* 2014-Code-Tables-and-Index */ = {
			isa = PBXGroup;
			children = (
				119F65931867F43800EF658B /* icd10pcs_definitions.xsd */,
				119F65941867F43800EF658B /* icd10pcs_definitions_2014.xml */,
				119F65951867F43800EF658B /* icd10pcs_index.xsd */,
				119F65961867F43800EF658B /* icd10pcs_index_2014.xml */,
				119F65971867F43800EF658B /* icd10pcs_tabular.xsd */,
				119F65981867F43800EF658B /* icd10pcs_tabular_2014.xml */,
				119F65991867F43800EF658B /* PCS_2014.pdf */,
			);
			path = "2014-Code-Tables-and-Index";
			sourceTree = "<group>";
		};
		119F659A1867F43800EF658B /* 2014-ICD10-Code-Tables-and-Index */ = {
			isa = PBXGroup;
			children = (
				119F659B1867F43800EF658B /* Drug.pdf */,
				119F659C1867F43800EF658B /* Drug.xml */,
				119F659D1867F43800EF658B /* E-Index.pdf */,
				119F659E1867F43800EF658B /* E-Index.xml */,
				119F659F1867F43800EF658B /* Index.pdf */,
				119F65A01867F43800EF658B /* Index.xml */,
				119F65A11867F43800EF658B /* Neoplasm.pdf */,
				119F65A21867F43800EF658B /* Neoplasm.xml */,
				119F65A31867F43800EF658B /* Tabular.pdf */,
				119F65A41867F43800EF658B /* Tabular.xml */,
			);
			path = "2014-ICD10-Code-Tables-and-Index";
			sourceTree = "<group>";
		};
		58264E68189E95B200D83B00 /* Products */ = {
			isa = PBXGroup;
			children = (
				58264E6E189E95B300D83B00 /* libJJJ.a */,
				58264E70189E95B300D83B00 /* JJJTests.xctest */,
				58264E72189E95B300D83B00 /* JJJBundle.bundle */,
			);
			name = Products;
			sourceTree = "<group>";
		};
/* End PBXGroup section */

/* Begin PBXNativeTarget section */
		11322DDF1857A2E30007E7B9 /* DataSource */ = {
			isa = PBXNativeTarget;
			buildConfigurationList = 11322DF31857A2E40007E7B9 /* Build configuration list for PBXNativeTarget "DataSource" */;
			buildPhases = (
				C1C1F7E1327140189E178BF9 /* Check Pods Manifest.lock */,
				11322DDC1857A2E30007E7B9 /* Sources */,
				11322DDD1857A2E30007E7B9 /* Frameworks */,
				11322DDE1857A2E30007E7B9 /* CopyFiles */,
				7B8B3A124DCD48B58C622501 /* Copy Pods Resources */,
			);
			buildRules = (
			);
			dependencies = (
			);
			name = DataSource;
			productName = DataSource;
			productReference = 11322DE01857A2E30007E7B9 /* DataSource */;
			productType = "com.apple.product-type.tool";
		};
/* End PBXNativeTarget section */

/* Begin PBXProject section */
		11322DD81857A2E30007E7B9 /* Project object */ = {
			isa = PBXProject;
			attributes = {
				LastUpgradeCheck = 0500;
				ORGANIZATIONNAME = "Jovito Royeca";
			};
			buildConfigurationList = 11322DDB1857A2E30007E7B9 /* Build configuration list for PBXProject "DataSource" */;
			compatibilityVersion = "Xcode 3.2";
			developmentRegion = English;
			hasScannedForEncodings = 0;
			knownRegions = (
				en,
			);
			mainGroup = 11322DD71857A2E30007E7B9;
			productRefGroup = 11322DE11857A2E30007E7B9 /* Products */;
			projectDirPath = "";
			projectReferences = (
				{
					ProductGroup = 58264E68189E95B200D83B00 /* Products */;
					ProjectRef = 58264E67189E95B200D83B00 /* JJJ.xcodeproj */;
				},
			);
			projectRoot = "";
			targets = (
				11322DDF1857A2E30007E7B9 /* DataSource */,
			);
		};
/* End PBXProject section */

/* Begin PBXReferenceProxy section */
		58264E6E189E95B300D83B00 /* libJJJ.a */ = {
			isa = PBXReferenceProxy;
			fileType = archive.ar;
			path = libJJJ.a;
			remoteRef = 58264E6D189E95B300D83B00 /* PBXContainerItemProxy */;
			sourceTree = BUILT_PRODUCTS_DIR;
		};
		58264E70189E95B300D83B00 /* JJJTests.xctest */ = {
			isa = PBXReferenceProxy;
			fileType = wrapper.cfbundle;
			path = JJJTests.xctest;
			remoteRef = 58264E6F189E95B300D83B00 /* PBXContainerItemProxy */;
			sourceTree = BUILT_PRODUCTS_DIR;
		};
		58264E72189E95B300D83B00 /* JJJBundle.bundle */ = {
			isa = PBXReferenceProxy;
			fileType = wrapper.cfbundle;
			path = JJJBundle.bundle;
			remoteRef = 58264E71189E95B300D83B00 /* PBXContainerItemProxy */;
			sourceTree = BUILT_PRODUCTS_DIR;
		};
/* End PBXReferenceProxy section */

/* Begin PBXShellScriptBuildPhase section */
		7B8B3A124DCD48B58C622501 /* Copy Pods Resources */ = {
			isa = PBXShellScriptBuildPhase;
			buildActionMask = 2147483647;
			files = (
			);
			inputPaths = (
			);
			name = "Copy Pods Resources";
			outputPaths = (
			);
			runOnlyForDeploymentPostprocessing = 0;
			shellPath = /bin/sh;
			shellScript = "\"${SRCROOT}/Pods/Pods-DataSource-resources.sh\"\n";
			showEnvVarsInLog = 0;
		};
		C1C1F7E1327140189E178BF9 /* Check Pods Manifest.lock */ = {
			isa = PBXShellScriptBuildPhase;
			buildActionMask = 2147483647;
			files = (
			);
			inputPaths = (
			);
			name = "Check Pods Manifest.lock";
			outputPaths = (
			);
			runOnlyForDeploymentPostprocessing = 0;
			shellPath = /bin/sh;
			shellScript = "diff \"${PODS_ROOT}/../Podfile.lock\" \"${PODS_ROOT}/Manifest.lock\" > /dev/null\nif [[ $? != 0 ]] ; then\n    cat << EOM\nerror: The sandbox is not in sync with the Podfile.lock. Run 'pod install' or update your CocoaPods installation.\nEOM\n    exit 1\nfi\n";
			showEnvVarsInLog = 0;
		};
/* End PBXShellScriptBuildPhase section */

/* Begin PBXSourcesBuildPhase section */
		11322DDC1857A2E30007E7B9 /* Sources */ = {
			isa = PBXSourcesBuildPhase;
			buildActionMask = 2147483647;
			files = (
				119B62F4185C827C009D3184 /* DictionaryTerm.m in Sources */,
				8C97C55A1904EC2C000CEA20 /* DrugProduct_TECode.m in Sources */,
				8C97C55D1904EC2C000CEA20 /* DrugReviewClass_Lookup.m in Sources */,
				113383A71859AAD400CBA6FF /* DictionarySynonym.m in Sources */,
				8C97C5591904EC2C000CEA20 /* DrugDocType_Lookup.m in Sources */,
				8C97C55C1904EC2C000CEA20 /* DrugRegActionDate.m in Sources */,
				119B62F3185C827C009D3184 /* DictionaryDefinition.m in Sources */,
				113383A91859AAD400CBA6FF /* Favorite.m in Sources */,
				113383AA1859AAD400CBA6FF /* History.m in Sources */,
				8C97C5581904EC2C000CEA20 /* DrugChemicalType_Lookup.m in Sources */,
				11322DE91857A2E30007E7B9 /* main.m in Sources */,
				8C97C5561904EC2C000CEA20 /* DrugAppDocType_Lookup.m in Sources */,
				119B62F5185C827C009D3184 /* DictionaryXRef.m in Sources */,
				8C97C5551904EC2C000CEA20 /* DrugAppDoc.m in Sources */,
				8C97C55B1904EC2C000CEA20 /* DrugProduct.m in Sources */,
				8C97C5571904EC2C000CEA20 /* DrugApplication.m in Sources */,
				113383641859AA1900CBA6FF /* FileDownloader.m in Sources */,
				113383631859AA1900CBA6FF /* DrugsLoader.m in Sources */,
				8C97C56E1904F27A000CEA20 /* database.xcdatamodeld in Sources */,
				113383651859AA1900CBA6FF /* StedmansScraper.m in Sources */,
			);
			runOnlyForDeploymentPostprocessing = 0;
		};
/* End PBXSourcesBuildPhase section */

/* Begin XCBuildConfiguration section */
		11322DF11857A2E40007E7B9 /* Debug */ = {
			isa = XCBuildConfiguration;
			buildSettings = {
				ALWAYS_SEARCH_USER_PATHS = NO;
				CLANG_CXX_LANGUAGE_STANDARD = "gnu++0x";
				CLANG_CXX_LIBRARY = "libc++";
				CLANG_ENABLE_OBJC_ARC = YES;
				CLANG_WARN_BOOL_CONVERSION = YES;
				CLANG_WARN_CONSTANT_CONVERSION = YES;
				CLANG_WARN_DIRECT_OBJC_ISA_USAGE = YES_ERROR;
				CLANG_WARN_EMPTY_BODY = YES;
				CLANG_WARN_ENUM_CONVERSION = YES;
				CLANG_WARN_INT_CONVERSION = YES;
				CLANG_WARN_OBJC_ROOT_CLASS = YES_ERROR;
				CLANG_WARN__DUPLICATE_METHOD_MATCH = YES;
				COPY_PHASE_STRIP = NO;
				GCC_C_LANGUAGE_STANDARD = gnu99;
				GCC_DYNAMIC_NO_PIC = NO;
				GCC_ENABLE_OBJC_EXCEPTIONS = YES;
				GCC_OPTIMIZATION_LEVEL = 0;
				GCC_PREPROCESSOR_DEFINITIONS = (
					"DEBUG=1",
					"$(inherited)",
				);
				GCC_SYMBOLS_PRIVATE_EXTERN = NO;
				GCC_WARN_64_TO_32_BIT_CONVERSION = YES;
				GCC_WARN_ABOUT_RETURN_TYPE = YES_ERROR;
				GCC_WARN_UNDECLARED_SELECTOR = YES;
				GCC_WARN_UNINITIALIZED_AUTOS = YES;
				GCC_WARN_UNUSED_FUNCTION = YES;
				GCC_WARN_UNUSED_VARIABLE = YES;
				HEADER_SEARCH_PATHS = (
					"$(inherited)",
					/Applications/Xcode.app/Contents/Developer/Toolchains/XcodeDefault.xctoolchain/usr/include,
				);
				MACOSX_DEPLOYMENT_TARGET = 10.8;
				ONLY_ACTIVE_ARCH = YES;
				SDKROOT = macosx;
				USER_HEADER_SEARCH_PATHS = "";
			};
			name = Debug;
		};
		11322DF21857A2E40007E7B9 /* Release */ = {
			isa = XCBuildConfiguration;
			buildSettings = {
				ALWAYS_SEARCH_USER_PATHS = NO;
				CLANG_CXX_LANGUAGE_STANDARD = "gnu++0x";
				CLANG_CXX_LIBRARY = "libc++";
				CLANG_ENABLE_OBJC_ARC = YES;
				CLANG_WARN_BOOL_CONVERSION = YES;
				CLANG_WARN_CONSTANT_CONVERSION = YES;
				CLANG_WARN_DIRECT_OBJC_ISA_USAGE = YES_ERROR;
				CLANG_WARN_EMPTY_BODY = YES;
				CLANG_WARN_ENUM_CONVERSION = YES;
				CLANG_WARN_INT_CONVERSION = YES;
				CLANG_WARN_OBJC_ROOT_CLASS = YES_ERROR;
				CLANG_WARN__DUPLICATE_METHOD_MATCH = YES;
				COPY_PHASE_STRIP = YES;
				DEBUG_INFORMATION_FORMAT = "dwarf-with-dsym";
				ENABLE_NS_ASSERTIONS = NO;
				GCC_C_LANGUAGE_STANDARD = gnu99;
				GCC_ENABLE_OBJC_EXCEPTIONS = YES;
				GCC_WARN_64_TO_32_BIT_CONVERSION = YES;
				GCC_WARN_ABOUT_RETURN_TYPE = YES_ERROR;
				GCC_WARN_UNDECLARED_SELECTOR = YES;
				GCC_WARN_UNINITIALIZED_AUTOS = YES;
				GCC_WARN_UNUSED_FUNCTION = YES;
				GCC_WARN_UNUSED_VARIABLE = YES;
				HEADER_SEARCH_PATHS = (
					"$(inherited)",
					/Applications/Xcode.app/Contents/Developer/Toolchains/XcodeDefault.xctoolchain/usr/include,
				);
				MACOSX_DEPLOYMENT_TARGET = 10.8;
				SDKROOT = macosx;
				USER_HEADER_SEARCH_PATHS = "";
			};
			name = Release;
		};
		11322DF41857A2E40007E7B9 /* Debug */ = {
			isa = XCBuildConfiguration;
			baseConfigurationReference = 10F2562502044ED380BA6CD7 /* Pods-DataSource.xcconfig */;
			buildSettings = {
				ALWAYS_SEARCH_USER_PATHS = NO;
				GCC_PRECOMPILE_PREFIX_HEADER = YES;
				GCC_PREFIX_HEADER = "DataSource/DataSource-Prefix.pch";
				HEADER_SEARCH_PATHS = (
					"$(inherited)",
					/Applications/Xcode.app/Contents/Developer/Toolchains/XcodeDefault.xctoolchain/usr/include,
					"$(SDKROOT)/usr/include/libxml2",
				);
				LIBRARY_SEARCH_PATHS = "$(inherited)";
				OTHER_LDFLAGS = "-ObjC";
				PRODUCT_NAME = "$(TARGET_NAME)";
				USER_HEADER_SEARCH_PATHS = "";
			};
			name = Debug;
		};
		11322DF51857A2E40007E7B9 /* Release */ = {
			isa = XCBuildConfiguration;
			baseConfigurationReference = 10F2562502044ED380BA6CD7 /* Pods-DataSource.xcconfig */;
			buildSettings = {
				ALWAYS_SEARCH_USER_PATHS = NO;
				GCC_PRECOMPILE_PREFIX_HEADER = YES;
				GCC_PREFIX_HEADER = "DataSource/DataSource-Prefix.pch";
				HEADER_SEARCH_PATHS = (
					"$(inherited)",
					/Applications/Xcode.app/Contents/Developer/Toolchains/XcodeDefault.xctoolchain/usr/include,
					"$(SDKROOT)/usr/include/libxml2",
				);
				LIBRARY_SEARCH_PATHS = "$(inherited)";
				OTHER_LDFLAGS = "-ObjC";
				PRODUCT_NAME = "$(TARGET_NAME)";
				USER_HEADER_SEARCH_PATHS = "";
			};
			name = Release;
		};
/* End XCBuildConfiguration section */

/* Begin XCConfigurationList section */
		11322DDB1857A2E30007E7B9 /* Build configuration list for PBXProject "DataSource" */ = {
			isa = XCConfigurationList;
			buildConfigurations = (
				11322DF11857A2E40007E7B9 /* Debug */,
				11322DF21857A2E40007E7B9 /* Release */,
			);
			defaultConfigurationIsVisible = 0;
			defaultConfigurationName = Release;
		};
		11322DF31857A2E40007E7B9 /* Build configuration list for PBXNativeTarget "DataSource" */ = {
			isa = XCConfigurationList;
			buildConfigurations = (
				11322DF41857A2E40007E7B9 /* Debug */,
				11322DF51857A2E40007E7B9 /* Release */,
			);
			defaultConfigurationIsVisible = 0;
			defaultConfigurationName = Release;
		};
/* End XCConfigurationList section */

/* Begin XCVersionGroup section */
		8C97C5691904F27A000CEA20 /* database.xcdatamodeld */ = {
			isa = XCVersionGroup;
			children = (
				8C97C56A1904F27A000CEA20 /* 1.xcdatamodel */,
				8C97C56B1904F27A000CEA20 /* 2.xcdatamodel */,
				8C97C56C1904F27A000CEA20 /* 3.xcdatamodel */,
				8C97C56D1904F27A000CEA20 /* database.xcdatamodel */,
			);
			currentVersion = 8C97C56C1904F27A000CEA20 /* 3.xcdatamodel */;
			name = database.xcdatamodeld;
			path = "../../../Dr. Lee's Reference/Dr. Lee's Reference/Data/database.xcdatamodeld";
			sourceTree = "<group>";
			versionGroupType = wrapper.xcdatamodel;
		};
/* End XCVersionGroup section */
	};
	rootObject = 11322DD81857A2E30007E7B9 /* Project object */;
}
