// !$*UTF8*$!
{
	archiveVersion = 1;
	classes = {
	};
	objectVersion = 46;
	objects = {

/* Begin PBXBuildFile section */
		11322DE41857A2E30007E7B9 /* CoreData.framework in Frameworks */ = {isa = PBXBuildFile; fileRef = 11322DE31857A2E30007E7B9 /* CoreData.framework */; };
		11322DE61857A2E30007E7B9 /* Foundation.framework in Frameworks */ = {isa = PBXBuildFile; fileRef = 11322DE51857A2E30007E7B9 /* Foundation.framework */; };
		11322DE91857A2E30007E7B9 /* main.m in Sources */ = {isa = PBXBuildFile; fileRef = 11322DE81857A2E30007E7B9 /* main.m */; };
		11322DF71857A3070007E7B9 /* libxml2.dylib in Frameworks */ = {isa = PBXBuildFile; fileRef = 11322DF61857A3070007E7B9 /* libxml2.dylib */; };
		113383631859AA1900CBA6FF /* DrugsLoader.m in Sources */ = {isa = PBXBuildFile; fileRef = 1133835E1859AA1900CBA6FF /* DrugsLoader.m */; };
		113383641859AA1900CBA6FF /* FileDownloader.m in Sources */ = {isa = PBXBuildFile; fileRef = 113383601859AA1900CBA6FF /* FileDownloader.m */; };
		113383651859AA1900CBA6FF /* DictionaryLoader.m in Sources */ = {isa = PBXBuildFile; fileRef = 113383621859AA1900CBA6FF /* DictionaryLoader.m */; };
		113383A71859AAD400CBA6FF /* DictionarySynonym.m in Sources */ = {isa = PBXBuildFile; fileRef = 113383931859AAD400CBA6FF /* DictionarySynonym.m */; };
		113383A91859AAD400CBA6FF /* Favorite.m in Sources */ = {isa = PBXBuildFile; fileRef = 113383971859AAD400CBA6FF /* Favorite.m */; };
		113383AA1859AAD400CBA6FF /* History.m in Sources */ = {isa = PBXBuildFile; fileRef = 113383991859AAD400CBA6FF /* History.m */; };
		117E6CC818634D1E00D78A82 /* AppDoc.txt in CopyFiles */ = {isa = PBXBuildFile; fileRef = 1133836C1859AA7200CBA6FF /* AppDoc.txt */; };
		117E6CC918634D1E00D78A82 /* AppDocType_Lookup.txt in CopyFiles */ = {isa = PBXBuildFile; fileRef = 1133836D1859AA7200CBA6FF /* AppDocType_Lookup.txt */; };
		117E6CCA18634D1E00D78A82 /* application.txt in CopyFiles */ = {isa = PBXBuildFile; fileRef = 1133836E1859AA7200CBA6FF /* application.txt */; };
		117E6CCB18634D1E00D78A82 /* ChemTypeLookup.txt in CopyFiles */ = {isa = PBXBuildFile; fileRef = 1133836F1859AA7200CBA6FF /* ChemTypeLookup.txt */; };
		117E6CCC18634D1E00D78A82 /* DocType_lookup.txt in CopyFiles */ = {isa = PBXBuildFile; fileRef = 113383701859AA7200CBA6FF /* DocType_lookup.txt */; };
		117E6CCD18634D1E00D78A82 /* Product.txt in CopyFiles */ = {isa = PBXBuildFile; fileRef = 113383711859AA7200CBA6FF /* Product.txt */; };
		117E6CCE18634D1E00D78A82 /* Product_tecode.txt in CopyFiles */ = {isa = PBXBuildFile; fileRef = 113383721859AA7200CBA6FF /* Product_tecode.txt */; };
		117E6CCF18634D1E00D78A82 /* RegActionDate.txt in CopyFiles */ = {isa = PBXBuildFile; fileRef = 113383731859AA7200CBA6FF /* RegActionDate.txt */; };
		117E6CD018634D1E00D78A82 /* ReviewClass_Lookup.txt in CopyFiles */ = {isa = PBXBuildFile; fileRef = 113383741859AA7200CBA6FF /* ReviewClass_Lookup.txt */; };
		119B62F4185C827C009D3184 /* DictionaryTerm.m in Sources */ = {isa = PBXBuildFile; fileRef = 119B62F0185C827C009D3184 /* DictionaryTerm.m */; };
		119B62F5185C827C009D3184 /* DictionaryXRef.m in Sources */ = {isa = PBXBuildFile; fileRef = 119B62F2185C827C009D3184 /* DictionaryXRef.m */; };
		5815F09E1905841000BB62AE /* ICD10Diagnosis.m in Sources */ = {isa = PBXBuildFile; fileRef = 5815F08E1905841000BB62AE /* ICD10Diagnosis.m */; };
		5815F09F1905841000BB62AE /* ICD10DiagnosisDrug.m in Sources */ = {isa = PBXBuildFile; fileRef = 5815F0901905841000BB62AE /* ICD10DiagnosisDrug.m */; };
		5815F0A01905841000BB62AE /* ICD10DiagnosisEIndex.m in Sources */ = {isa = PBXBuildFile; fileRef = 5815F0921905841000BB62AE /* ICD10DiagnosisEIndex.m */; };
		5815F0A11905841000BB62AE /* ICD10DiagnosisIndex.m in Sources */ = {isa = PBXBuildFile; fileRef = 5815F0941905841000BB62AE /* ICD10DiagnosisIndex.m */; };
		5815F0A21905841000BB62AE /* ICD10DiagnosisNeoplasm.m in Sources */ = {isa = PBXBuildFile; fileRef = 5815F0961905841000BB62AE /* ICD10DiagnosisNeoplasm.m */; };
		5815F0A41905841000BB62AE /* ICD10ProcedureDefinition.m in Sources */ = {isa = PBXBuildFile; fileRef = 5815F09A1905841000BB62AE /* ICD10ProcedureDefinition.m */; };
		5815F0A51905841000BB62AE /* ICD10ProcedureIndex.m in Sources */ = {isa = PBXBuildFile; fileRef = 5815F09C1905841000BB62AE /* ICD10ProcedureIndex.m */; };
		5815F0AC1905867F00BB62AE /* DiagnosesLoader.m in Sources */ = {isa = PBXBuildFile; fileRef = 5815F0AB1905867F00BB62AE /* DiagnosesLoader.m */; };
		5815F0B21905869700BB62AE /* ProceduresLoader.m in Sources */ = {isa = PBXBuildFile; fileRef = 5815F0B11905869700BB62AE /* ProceduresLoader.m */; };
		5815F0FE19058D8F00BB62AE /* Drug.xml in CopyFiles */ = {isa = PBXBuildFile; fileRef = 5815F0BA1905896D00BB62AE /* Drug.xml */; };
		5815F0FF19058D8F00BB62AE /* E-Index.xml in CopyFiles */ = {isa = PBXBuildFile; fileRef = 5815F0BC1905896D00BB62AE /* E-Index.xml */; };
		5815F10019058D8F00BB62AE /* Index.xml in CopyFiles */ = {isa = PBXBuildFile; fileRef = 5815F0BE1905896D00BB62AE /* Index.xml */; };
		5815F10119058D8F00BB62AE /* Neoplasm.xml in CopyFiles */ = {isa = PBXBuildFile; fileRef = 5815F0C01905896D00BB62AE /* Neoplasm.xml */; };
		5815F10219058D8F00BB62AE /* Tabular.xml in CopyFiles */ = {isa = PBXBuildFile; fileRef = 5815F0C21905896D00BB62AE /* Tabular.xml */; };
		5815F10319058D8F00BB62AE /* icd10pcs_definitions_2014.xml in CopyFiles */ = {isa = PBXBuildFile; fileRef = 5815F0E31905896D00BB62AE /* icd10pcs_definitions_2014.xml */; };
		5815F10419058D8F00BB62AE /* icd10pcs_index_2014.xml in CopyFiles */ = {isa = PBXBuildFile; fileRef = 5815F0E51905896D00BB62AE /* icd10pcs_index_2014.xml */; };
		5815F10519058D8F00BB62AE /* icd10pcs_tabular_2014.xml in CopyFiles */ = {isa = PBXBuildFile; fileRef = 5815F0E71905896D00BB62AE /* icd10pcs_tabular_2014.xml */; };
		581F5A6119307787009D3F86 /* 9_syns.csv in CopyFiles */ = {isa = PBXBuildFile; fileRef = 5803D56E19304BE500A32230 /* 9_syns.csv */; };
		581F5A6219307787009D3F86 /* 9_terms.csv in CopyFiles */ = {isa = PBXBuildFile; fileRef = 5803D56F19304BE500A32230 /* 9_terms.csv */; };
		581F5A6319307787009D3F86 /* 9_xrefs.csv in CopyFiles */ = {isa = PBXBuildFile; fileRef = 5803D57019304BE500A32230 /* 9_xrefs.csv */; };
		581F5A6419307787009D3F86 /* a_syns.csv in CopyFiles */ = {isa = PBXBuildFile; fileRef = 5803D5BF19304C8200A32230 /* a_syns.csv */; };
		581F5A6519307787009D3F86 /* a_terms.csv in CopyFiles */ = {isa = PBXBuildFile; fileRef = 5803D5C019304C8200A32230 /* a_terms.csv */; };
		581F5A6619307787009D3F86 /* a_xrefs.csv in CopyFiles */ = {isa = PBXBuildFile; fileRef = 5803D5C119304C8200A32230 /* a_xrefs.csv */; };
		581F5A6719307787009D3F86 /* b_syns.csv in CopyFiles */ = {isa = PBXBuildFile; fileRef = 5803D5C219304C8200A32230 /* b_syns.csv */; };
		581F5A6819307787009D3F86 /* b_terms.csv in CopyFiles */ = {isa = PBXBuildFile; fileRef = 5803D5C319304C8200A32230 /* b_terms.csv */; };
		581F5A6919307787009D3F86 /* b_xrefs.csv in CopyFiles */ = {isa = PBXBuildFile; fileRef = 5803D5C419304C8200A32230 /* b_xrefs.csv */; };
		581F5A6A19307787009D3F86 /* c_syns.csv in CopyFiles */ = {isa = PBXBuildFile; fileRef = 5803D5C519304C8200A32230 /* c_syns.csv */; };
		581F5A6B19307787009D3F86 /* c_terms.csv in CopyFiles */ = {isa = PBXBuildFile; fileRef = 5803D5C619304C8200A32230 /* c_terms.csv */; };
		581F5A6C19307787009D3F86 /* c_xrefs.csv in CopyFiles */ = {isa = PBXBuildFile; fileRef = 5803D5C719304C8200A32230 /* c_xrefs.csv */; };
		581F5A6D19307787009D3F86 /* d_syns.csv in CopyFiles */ = {isa = PBXBuildFile; fileRef = 5803D5C819304C8200A32230 /* d_syns.csv */; };
		581F5A6E19307787009D3F86 /* d_terms.csv in CopyFiles */ = {isa = PBXBuildFile; fileRef = 5803D5C919304C8200A32230 /* d_terms.csv */; };
		581F5A6F19307787009D3F86 /* d_xrefs.csv in CopyFiles */ = {isa = PBXBuildFile; fileRef = 5803D5CA19304C8200A32230 /* d_xrefs.csv */; };
		581F5A7019307787009D3F86 /* e_syns.csv in CopyFiles */ = {isa = PBXBuildFile; fileRef = 5803D5CB19304C8200A32230 /* e_syns.csv */; };
		581F5A7119307787009D3F86 /* e_terms.csv in CopyFiles */ = {isa = PBXBuildFile; fileRef = 5803D5CC19304C8200A32230 /* e_terms.csv */; };
		581F5A7219307787009D3F86 /* e_xrefs.csv in CopyFiles */ = {isa = PBXBuildFile; fileRef = 5803D5CD19304C8200A32230 /* e_xrefs.csv */; };
		581F5A7319307787009D3F86 /* f_syns.csv in CopyFiles */ = {isa = PBXBuildFile; fileRef = 5803D5CE19304C8200A32230 /* f_syns.csv */; };
		581F5A7419307787009D3F86 /* f_terms.csv in CopyFiles */ = {isa = PBXBuildFile; fileRef = 5803D5CF19304C8200A32230 /* f_terms.csv */; };
		581F5A7519307787009D3F86 /* f_xrefs.csv in CopyFiles */ = {isa = PBXBuildFile; fileRef = 5803D5D019304C8200A32230 /* f_xrefs.csv */; };
		581F5A7619307787009D3F86 /* g_syns.csv in CopyFiles */ = {isa = PBXBuildFile; fileRef = 5803D5D119304C8200A32230 /* g_syns.csv */; };
		581F5A7719307787009D3F86 /* g_terms.csv in CopyFiles */ = {isa = PBXBuildFile; fileRef = 5803D5D219304C8200A32230 /* g_terms.csv */; };
		581F5A7819307787009D3F86 /* g_xrefs.csv in CopyFiles */ = {isa = PBXBuildFile; fileRef = 5803D5D319304C8200A32230 /* g_xrefs.csv */; };
		581F5A7919307787009D3F86 /* h_syns.csv in CopyFiles */ = {isa = PBXBuildFile; fileRef = 5803D5D419304C8200A32230 /* h_syns.csv */; };
		581F5A7A19307787009D3F86 /* h_terms.csv in CopyFiles */ = {isa = PBXBuildFile; fileRef = 5803D5D519304C8200A32230 /* h_terms.csv */; };
		581F5A7B19307787009D3F86 /* h_xrefs.csv in CopyFiles */ = {isa = PBXBuildFile; fileRef = 5803D5D619304C8200A32230 /* h_xrefs.csv */; };
		581F5A7C19307787009D3F86 /* i_syns.csv in CopyFiles */ = {isa = PBXBuildFile; fileRef = 5803D5D719304C8200A32230 /* i_syns.csv */; };
		581F5A7D19307787009D3F86 /* i_terms.csv in CopyFiles */ = {isa = PBXBuildFile; fileRef = 5803D5D819304C8200A32230 /* i_terms.csv */; };
		581F5A7E19307787009D3F86 /* i_xrefs.csv in CopyFiles */ = {isa = PBXBuildFile; fileRef = 5803D5D919304C8200A32230 /* i_xrefs.csv */; };
		581F5A7F19307787009D3F86 /* j_syns.csv in CopyFiles */ = {isa = PBXBuildFile; fileRef = 5803D5DA19304C8200A32230 /* j_syns.csv */; };
		581F5A8019307787009D3F86 /* j_terms.csv in CopyFiles */ = {isa = PBXBuildFile; fileRef = 5803D5DB19304C8200A32230 /* j_terms.csv */; };
		581F5A8119307787009D3F86 /* j_xrefs.csv in CopyFiles */ = {isa = PBXBuildFile; fileRef = 5803D5DC19304C8200A32230 /* j_xrefs.csv */; };
		581F5A8219307787009D3F86 /* k_syns.csv in CopyFiles */ = {isa = PBXBuildFile; fileRef = 5803D5DD19304C8200A32230 /* k_syns.csv */; };
		581F5A8319307787009D3F86 /* k_terms.csv in CopyFiles */ = {isa = PBXBuildFile; fileRef = 5803D5DE19304C8200A32230 /* k_terms.csv */; };
		581F5A8419307787009D3F86 /* k_xrefs.csv in CopyFiles */ = {isa = PBXBuildFile; fileRef = 5803D5DF19304C8200A32230 /* k_xrefs.csv */; };
		581F5A8519307787009D3F86 /* l_syns.csv in CopyFiles */ = {isa = PBXBuildFile; fileRef = 5803D5E019304C8200A32230 /* l_syns.csv */; };
		581F5A8619307787009D3F86 /* l_terms.csv in CopyFiles */ = {isa = PBXBuildFile; fileRef = 5803D5E119304C8200A32230 /* l_terms.csv */; };
		581F5A8719307787009D3F86 /* l_xrefs.csv in CopyFiles */ = {isa = PBXBuildFile; fileRef = 5803D5E219304C8200A32230 /* l_xrefs.csv */; };
		581F5A8819307787009D3F86 /* m_syns.csv in CopyFiles */ = {isa = PBXBuildFile; fileRef = 5803D5E319304C8200A32230 /* m_syns.csv */; };
		581F5A8919307787009D3F86 /* m_terms.csv in CopyFiles */ = {isa = PBXBuildFile; fileRef = 5803D5E419304C8200A32230 /* m_terms.csv */; };
		581F5A8A19307787009D3F86 /* m_xrefs.csv in CopyFiles */ = {isa = PBXBuildFile; fileRef = 5803D5E519304C8200A32230 /* m_xrefs.csv */; };
		581F5A8B19307787009D3F86 /* n_syns.csv in CopyFiles */ = {isa = PBXBuildFile; fileRef = 5803D5E619304C8200A32230 /* n_syns.csv */; };
		581F5A8C19307787009D3F86 /* n_terms.csv in CopyFiles */ = {isa = PBXBuildFile; fileRef = 5803D5E719304C8200A32230 /* n_terms.csv */; };
		581F5A8D19307787009D3F86 /* n_xrefs.csv in CopyFiles */ = {isa = PBXBuildFile; fileRef = 5803D5E819304C8200A32230 /* n_xrefs.csv */; };
		581F5A8E19307787009D3F86 /* o_syns.csv in CopyFiles */ = {isa = PBXBuildFile; fileRef = 5803D5E919304C8200A32230 /* o_syns.csv */; };
		581F5A8F19307787009D3F86 /* o_terms.csv in CopyFiles */ = {isa = PBXBuildFile; fileRef = 5803D5EA19304C8200A32230 /* o_terms.csv */; };
		581F5A9019307787009D3F86 /* o_xrefs.csv in CopyFiles */ = {isa = PBXBuildFile; fileRef = 5803D5EB19304C8200A32230 /* o_xrefs.csv */; };
		581F5A9119307787009D3F86 /* p_syns.csv in CopyFiles */ = {isa = PBXBuildFile; fileRef = 5803D5EC19304C8200A32230 /* p_syns.csv */; };
		581F5A9219307787009D3F86 /* p_terms.csv in CopyFiles */ = {isa = PBXBuildFile; fileRef = 5803D5ED19304C8200A32230 /* p_terms.csv */; };
		581F5A9319307787009D3F86 /* p_xrefs.csv in CopyFiles */ = {isa = PBXBuildFile; fileRef = 5803D5EE19304C8200A32230 /* p_xrefs.csv */; };
		581F5A9419307787009D3F86 /* q_syns.csv in CopyFiles */ = {isa = PBXBuildFile; fileRef = 5803D5EF19304C8200A32230 /* q_syns.csv */; };
		581F5A9519307787009D3F86 /* q_terms.csv in CopyFiles */ = {isa = PBXBuildFile; fileRef = 5803D5F019304C8200A32230 /* q_terms.csv */; };
		581F5A9619307787009D3F86 /* q_xrefs.csv in CopyFiles */ = {isa = PBXBuildFile; fileRef = 5803D5F119304C8200A32230 /* q_xrefs.csv */; };
		581F5A9719307787009D3F86 /* r_syns.csv in CopyFiles */ = {isa = PBXBuildFile; fileRef = 5803D5F219304C8200A32230 /* r_syns.csv */; };
		581F5A9819307787009D3F86 /* r_terms.csv in CopyFiles */ = {isa = PBXBuildFile; fileRef = 5803D5F319304C8200A32230 /* r_terms.csv */; };
		581F5A9919307787009D3F86 /* r_xrefs.csv in CopyFiles */ = {isa = PBXBuildFile; fileRef = 5803D5F419304C8200A32230 /* r_xrefs.csv */; };
		581F5A9A19307787009D3F86 /* s_syns.csv in CopyFiles */ = {isa = PBXBuildFile; fileRef = 5803D5F519304C8200A32230 /* s_syns.csv */; };
		581F5A9B19307787009D3F86 /* s_terms.csv in CopyFiles */ = {isa = PBXBuildFile; fileRef = 5803D5F619304C8200A32230 /* s_terms.csv */; };
		581F5A9C19307787009D3F86 /* s_xrefs.csv in CopyFiles */ = {isa = PBXBuildFile; fileRef = 5803D5F719304C8200A32230 /* s_xrefs.csv */; };
		581F5A9D19307787009D3F86 /* t_syns.csv in CopyFiles */ = {isa = PBXBuildFile; fileRef = 5803D5F819304C8200A32230 /* t_syns.csv */; };
		581F5A9E19307787009D3F86 /* t_terms.csv in CopyFiles */ = {isa = PBXBuildFile; fileRef = 5803D5F919304C8200A32230 /* t_terms.csv */; };
		581F5A9F19307787009D3F86 /* t_xrefs.csv in CopyFiles */ = {isa = PBXBuildFile; fileRef = 5803D5FA19304C8200A32230 /* t_xrefs.csv */; };
		581F5AA019307787009D3F86 /* u_syns.csv in CopyFiles */ = {isa = PBXBuildFile; fileRef = 5803D5FB19304C8200A32230 /* u_syns.csv */; };
		581F5AA119307787009D3F86 /* u_terms.csv in CopyFiles */ = {isa = PBXBuildFile; fileRef = 5803D5FC19304C8200A32230 /* u_terms.csv */; };
		581F5AA219307787009D3F86 /* u_xrefs.csv in CopyFiles */ = {isa = PBXBuildFile; fileRef = 5803D5FD19304C8200A32230 /* u_xrefs.csv */; };
		581F5AA319307787009D3F86 /* v_syns.csv in CopyFiles */ = {isa = PBXBuildFile; fileRef = 5803D5FE19304C8200A32230 /* v_syns.csv */; };
		581F5AA419307788009D3F86 /* v_terms.csv in CopyFiles */ = {isa = PBXBuildFile; fileRef = 5803D5FF19304C8200A32230 /* v_terms.csv */; };
		581F5AA519307788009D3F86 /* v_xrefs.csv in CopyFiles */ = {isa = PBXBuildFile; fileRef = 5803D60019304C8200A32230 /* v_xrefs.csv */; };
		581F5AA619307788009D3F86 /* w_syns.csv in CopyFiles */ = {isa = PBXBuildFile; fileRef = 5803D60119304C8200A32230 /* w_syns.csv */; };
		581F5AA719307788009D3F86 /* w_terms.csv in CopyFiles */ = {isa = PBXBuildFile; fileRef = 5803D60219304C8200A32230 /* w_terms.csv */; };
		581F5AA819307788009D3F86 /* w_xrefs.csv in CopyFiles */ = {isa = PBXBuildFile; fileRef = 5803D60319304C8200A32230 /* w_xrefs.csv */; };
		581F5AA919307788009D3F86 /* x_syns.csv in CopyFiles */ = {isa = PBXBuildFile; fileRef = 5803D60419304C8200A32230 /* x_syns.csv */; };
		581F5AAA19307788009D3F86 /* x_terms.csv in CopyFiles */ = {isa = PBXBuildFile; fileRef = 5803D60519304C8200A32230 /* x_terms.csv */; };
		581F5AAB19307788009D3F86 /* x_xrefs.csv in CopyFiles */ = {isa = PBXBuildFile; fileRef = 5803D60619304C8200A32230 /* x_xrefs.csv */; };
		581F5AAC19307788009D3F86 /* y_syns.csv in CopyFiles */ = {isa = PBXBuildFile; fileRef = 5803D60719304C8200A32230 /* y_syns.csv */; };
		581F5AAD19307788009D3F86 /* y_terms.csv in CopyFiles */ = {isa = PBXBuildFile; fileRef = 5803D60819304C8200A32230 /* y_terms.csv */; };
		581F5AAE19307788009D3F86 /* y_xrefs.csv in CopyFiles */ = {isa = PBXBuildFile; fileRef = 5803D60919304C8200A32230 /* y_xrefs.csv */; };
		581F5AAF19307788009D3F86 /* z_syns.csv in CopyFiles */ = {isa = PBXBuildFile; fileRef = 5803D60A19304C8200A32230 /* z_syns.csv */; };
		581F5AB019307788009D3F86 /* z_terms.csv in CopyFiles */ = {isa = PBXBuildFile; fileRef = 5803D60B19304C8200A32230 /* z_terms.csv */; };
		581F5AB119307788009D3F86 /* z_xrefs.csv in CopyFiles */ = {isa = PBXBuildFile; fileRef = 5803D60C19304C8200A32230 /* z_xrefs.csv */; };
		58264E88189E97E200D83B00 /* libJJJ.a in Frameworks */ = {isa = PBXBuildFile; fileRef = 58264E6E189E95B300D83B00 /* libJJJ.a */; };
		8C2E636C1910FF3000B5A908 /* database.xcdatamodeld in Sources */ = {isa = PBXBuildFile; fileRef = 8C2E63691910FF3000B5A908 /* database.xcdatamodeld */; };
		8C3A68D419331E32000C0E2C /* DrugAppDoc.m in Sources */ = {isa = PBXBuildFile; fileRef = 8C3A68C319331E32000C0E2C /* DrugAppDoc.m */; };
		8C3A68D519331E32000C0E2C /* DrugAppDocType_Lookup.m in Sources */ = {isa = PBXBuildFile; fileRef = 8C3A68C519331E32000C0E2C /* DrugAppDocType_Lookup.m */; };
		8C3A68D619331E32000C0E2C /* DrugApplication.m in Sources */ = {isa = PBXBuildFile; fileRef = 8C3A68C719331E32000C0E2C /* DrugApplication.m */; };
		8C3A68D719331E32000C0E2C /* DrugChemicalType_Lookup.m in Sources */ = {isa = PBXBuildFile; fileRef = 8C3A68C919331E32000C0E2C /* DrugChemicalType_Lookup.m */; };
		8C3A68D819331E32000C0E2C /* DrugDocType_Lookup.m in Sources */ = {isa = PBXBuildFile; fileRef = 8C3A68CB19331E32000C0E2C /* DrugDocType_Lookup.m */; };
		8C3A68D919331E32000C0E2C /* DrugProduct_TECode.m in Sources */ = {isa = PBXBuildFile; fileRef = 8C3A68CD19331E32000C0E2C /* DrugProduct_TECode.m */; };
		8C3A68DA19331E32000C0E2C /* DrugProduct.m in Sources */ = {isa = PBXBuildFile; fileRef = 8C3A68CF19331E32000C0E2C /* DrugProduct.m */; };
		8C3A68DB19331E32000C0E2C /* DrugRegActionDate.m in Sources */ = {isa = PBXBuildFile; fileRef = 8C3A68D119331E32000C0E2C /* DrugRegActionDate.m */; };
		8C3A68DC19331E32000C0E2C /* DrugReviewClass_Lookup.m in Sources */ = {isa = PBXBuildFile; fileRef = 8C3A68D319331E32000C0E2C /* DrugReviewClass_Lookup.m */; };
		8C3A68EA19332BAD000C0E2C /* ICD10Procedure.m in Sources */ = {isa = PBXBuildFile; fileRef = 8C3A68E919332BAD000C0E2C /* ICD10Procedure.m */; };
		8C3E2E731918946C0077CF5A /* Database.m in Sources */ = {isa = PBXBuildFile; fileRef = 8C3E2E721918946C0077CF5A /* Database.m */; };
		B631D180A81C48A49AE71C6D /* libPods-DataSource.a in Frameworks */ = {isa = PBXBuildFile; fileRef = D306F727684247149BF7310D /* libPods-DataSource.a */; };
/* End PBXBuildFile section */

/* Begin PBXContainerItemProxy section */
		58264E6D189E95B300D83B00 /* PBXContainerItemProxy */ = {
			isa = PBXContainerItemProxy;
			containerPortal = 58264E67189E95B200D83B00 /* JJJ.xcodeproj */;
			proxyType = 2;
			remoteGlobalIDString = 580E1D4C189E8DDA00336A44;
			remoteInfo = JJJ;
		};
		58264E6F189E95B300D83B00 /* PBXContainerItemProxy */ = {
			isa = PBXContainerItemProxy;
			containerPortal = 58264E67189E95B200D83B00 /* JJJ.xcodeproj */;
			proxyType = 2;
			remoteGlobalIDString = 580E1D5C189E8DDB00336A44;
			remoteInfo = JJJTests;
		};
		58264E71189E95B300D83B00 /* PBXContainerItemProxy */ = {
			isa = PBXContainerItemProxy;
			containerPortal = 58264E67189E95B200D83B00 /* JJJ.xcodeproj */;
			proxyType = 2;
			remoteGlobalIDString = 580E1D79189E8F4000336A44;
			remoteInfo = JJJBundle;
		};
/* End PBXContainerItemProxy section */

/* Begin PBXCopyFilesBuildPhase section */
		11322DDE1857A2E30007E7B9 /* CopyFiles */ = {
			isa = PBXCopyFilesBuildPhase;
			buildActionMask = 12;
			dstPath = Data;
			dstSubfolderSpec = 16;
			files = (
				581F5A6119307787009D3F86 /* 9_syns.csv in CopyFiles */,
				581F5A6219307787009D3F86 /* 9_terms.csv in CopyFiles */,
				581F5A6319307787009D3F86 /* 9_xrefs.csv in CopyFiles */,
				581F5A6419307787009D3F86 /* a_syns.csv in CopyFiles */,
				581F5A6519307787009D3F86 /* a_terms.csv in CopyFiles */,
				581F5A6619307787009D3F86 /* a_xrefs.csv in CopyFiles */,
				581F5A6719307787009D3F86 /* b_syns.csv in CopyFiles */,
				581F5A6819307787009D3F86 /* b_terms.csv in CopyFiles */,
				581F5A6919307787009D3F86 /* b_xrefs.csv in CopyFiles */,
				581F5A6A19307787009D3F86 /* c_syns.csv in CopyFiles */,
				581F5A6B19307787009D3F86 /* c_terms.csv in CopyFiles */,
				581F5A6C19307787009D3F86 /* c_xrefs.csv in CopyFiles */,
				581F5A6D19307787009D3F86 /* d_syns.csv in CopyFiles */,
				581F5A6E19307787009D3F86 /* d_terms.csv in CopyFiles */,
				581F5A6F19307787009D3F86 /* d_xrefs.csv in CopyFiles */,
				581F5A7019307787009D3F86 /* e_syns.csv in CopyFiles */,
				581F5A7119307787009D3F86 /* e_terms.csv in CopyFiles */,
				581F5A7219307787009D3F86 /* e_xrefs.csv in CopyFiles */,
				581F5A7319307787009D3F86 /* f_syns.csv in CopyFiles */,
				581F5A7419307787009D3F86 /* f_terms.csv in CopyFiles */,
				581F5A7519307787009D3F86 /* f_xrefs.csv in CopyFiles */,
				581F5A7619307787009D3F86 /* g_syns.csv in CopyFiles */,
				581F5A7719307787009D3F86 /* g_terms.csv in CopyFiles */,
				581F5A7819307787009D3F86 /* g_xrefs.csv in CopyFiles */,
				581F5A7919307787009D3F86 /* h_syns.csv in CopyFiles */,
				581F5A7A19307787009D3F86 /* h_terms.csv in CopyFiles */,
				581F5A7B19307787009D3F86 /* h_xrefs.csv in CopyFiles */,
				581F5A7C19307787009D3F86 /* i_syns.csv in CopyFiles */,
				581F5A7D19307787009D3F86 /* i_terms.csv in CopyFiles */,
				581F5A7E19307787009D3F86 /* i_xrefs.csv in CopyFiles */,
				581F5A7F19307787009D3F86 /* j_syns.csv in CopyFiles */,
				581F5A8019307787009D3F86 /* j_terms.csv in CopyFiles */,
				581F5A8119307787009D3F86 /* j_xrefs.csv in CopyFiles */,
				581F5A8219307787009D3F86 /* k_syns.csv in CopyFiles */,
				581F5A8319307787009D3F86 /* k_terms.csv in CopyFiles */,
				581F5A8419307787009D3F86 /* k_xrefs.csv in CopyFiles */,
				581F5A8519307787009D3F86 /* l_syns.csv in CopyFiles */,
				581F5A8619307787009D3F86 /* l_terms.csv in CopyFiles */,
				581F5A8719307787009D3F86 /* l_xrefs.csv in CopyFiles */,
				581F5A8819307787009D3F86 /* m_syns.csv in CopyFiles */,
				581F5A8919307787009D3F86 /* m_terms.csv in CopyFiles */,
				581F5A8A19307787009D3F86 /* m_xrefs.csv in CopyFiles */,
				581F5A8B19307787009D3F86 /* n_syns.csv in CopyFiles */,
				581F5A8C19307787009D3F86 /* n_terms.csv in CopyFiles */,
				581F5A8D19307787009D3F86 /* n_xrefs.csv in CopyFiles */,
				581F5A8E19307787009D3F86 /* o_syns.csv in CopyFiles */,
				581F5A8F19307787009D3F86 /* o_terms.csv in CopyFiles */,
				581F5A9019307787009D3F86 /* o_xrefs.csv in CopyFiles */,
				581F5A9119307787009D3F86 /* p_syns.csv in CopyFiles */,
				581F5A9219307787009D3F86 /* p_terms.csv in CopyFiles */,
				581F5A9319307787009D3F86 /* p_xrefs.csv in CopyFiles */,
				581F5A9419307787009D3F86 /* q_syns.csv in CopyFiles */,
				581F5A9519307787009D3F86 /* q_terms.csv in CopyFiles */,
				581F5A9619307787009D3F86 /* q_xrefs.csv in CopyFiles */,
				581F5A9719307787009D3F86 /* r_syns.csv in CopyFiles */,
				581F5A9819307787009D3F86 /* r_terms.csv in CopyFiles */,
				581F5A9919307787009D3F86 /* r_xrefs.csv in CopyFiles */,
				581F5A9A19307787009D3F86 /* s_syns.csv in CopyFiles */,
				581F5A9B19307787009D3F86 /* s_terms.csv in CopyFiles */,
				581F5A9C19307787009D3F86 /* s_xrefs.csv in CopyFiles */,
				581F5A9D19307787009D3F86 /* t_syns.csv in CopyFiles */,
				581F5A9E19307787009D3F86 /* t_terms.csv in CopyFiles */,
				581F5A9F19307787009D3F86 /* t_xrefs.csv in CopyFiles */,
				581F5AA019307787009D3F86 /* u_syns.csv in CopyFiles */,
				581F5AA119307787009D3F86 /* u_terms.csv in CopyFiles */,
				581F5AA219307787009D3F86 /* u_xrefs.csv in CopyFiles */,
				581F5AA319307787009D3F86 /* v_syns.csv in CopyFiles */,
				581F5AA419307788009D3F86 /* v_terms.csv in CopyFiles */,
				581F5AA519307788009D3F86 /* v_xrefs.csv in CopyFiles */,
				581F5AA619307788009D3F86 /* w_syns.csv in CopyFiles */,
				581F5AA719307788009D3F86 /* w_terms.csv in CopyFiles */,
				581F5AA819307788009D3F86 /* w_xrefs.csv in CopyFiles */,
				581F5AA919307788009D3F86 /* x_syns.csv in CopyFiles */,
				581F5AAA19307788009D3F86 /* x_terms.csv in CopyFiles */,
				581F5AAB19307788009D3F86 /* x_xrefs.csv in CopyFiles */,
				581F5AAC19307788009D3F86 /* y_syns.csv in CopyFiles */,
				581F5AAD19307788009D3F86 /* y_terms.csv in CopyFiles */,
				581F5AAE19307788009D3F86 /* y_xrefs.csv in CopyFiles */,
				581F5AAF19307788009D3F86 /* z_syns.csv in CopyFiles */,
				581F5AB019307788009D3F86 /* z_terms.csv in CopyFiles */,
				581F5AB119307788009D3F86 /* z_xrefs.csv in CopyFiles */,
				5815F0FE19058D8F00BB62AE /* Drug.xml in CopyFiles */,
				5815F0FF19058D8F00BB62AE /* E-Index.xml in CopyFiles */,
				5815F10019058D8F00BB62AE /* Index.xml in CopyFiles */,
				5815F10119058D8F00BB62AE /* Neoplasm.xml in CopyFiles */,
				5815F10219058D8F00BB62AE /* Tabular.xml in CopyFiles */,
				5815F10319058D8F00BB62AE /* icd10pcs_definitions_2014.xml in CopyFiles */,
				5815F10419058D8F00BB62AE /* icd10pcs_index_2014.xml in CopyFiles */,
				5815F10519058D8F00BB62AE /* icd10pcs_tabular_2014.xml in CopyFiles */,
				117E6CC818634D1E00D78A82 /* AppDoc.txt in CopyFiles */,
				117E6CC918634D1E00D78A82 /* AppDocType_Lookup.txt in CopyFiles */,
				117E6CCA18634D1E00D78A82 /* application.txt in CopyFiles */,
				117E6CCB18634D1E00D78A82 /* ChemTypeLookup.txt in CopyFiles */,
				117E6CCC18634D1E00D78A82 /* DocType_lookup.txt in CopyFiles */,
				117E6CCD18634D1E00D78A82 /* Product.txt in CopyFiles */,
				117E6CCE18634D1E00D78A82 /* Product_tecode.txt in CopyFiles */,
				117E6CCF18634D1E00D78A82 /* RegActionDate.txt in CopyFiles */,
				117E6CD018634D1E00D78A82 /* ReviewClass_Lookup.txt in CopyFiles */,
			);
			runOnlyForDeploymentPostprocessing = 0;
		};
/* End PBXCopyFilesBuildPhase section */

/* Begin PBXFileReference section */
		10F2562502044ED380BA6CD7 /* Pods-DataSource.xcconfig */ = {isa = PBXFileReference; includeInIndex = 1; lastKnownFileType = text.xcconfig; name = "Pods-DataSource.xcconfig"; path = "Pods/Pods-DataSource.xcconfig"; sourceTree = "<group>"; };
		11322DE01857A2E30007E7B9 /* DataSource */ = {isa = PBXFileReference; explicitFileType = "compiled.mach-o.executable"; includeInIndex = 0; path = DataSource; sourceTree = BUILT_PRODUCTS_DIR; };
		11322DE31857A2E30007E7B9 /* CoreData.framework */ = {isa = PBXFileReference; lastKnownFileType = wrapper.framework; name = CoreData.framework; path = System/Library/Frameworks/CoreData.framework; sourceTree = SDKROOT; };
		11322DE51857A2E30007E7B9 /* Foundation.framework */ = {isa = PBXFileReference; lastKnownFileType = wrapper.framework; name = Foundation.framework; path = System/Library/Frameworks/Foundation.framework; sourceTree = SDKROOT; };
		11322DE81857A2E30007E7B9 /* main.m */ = {isa = PBXFileReference; lastKnownFileType = sourcecode.c.objc; path = main.m; sourceTree = "<group>"; };
		11322DEB1857A2E30007E7B9 /* DataSource-Prefix.pch */ = {isa = PBXFileReference; lastKnownFileType = sourcecode.c.h; path = "DataSource-Prefix.pch"; sourceTree = "<group>"; };
		11322DF61857A3070007E7B9 /* libxml2.dylib */ = {isa = PBXFileReference; lastKnownFileType = "compiled.mach-o.dylib"; name = libxml2.dylib; path = usr/lib/libxml2.dylib; sourceTree = SDKROOT; };
		1133835D1859AA1900CBA6FF /* DrugsLoader.h */ = {isa = PBXFileReference; fileEncoding = 4; lastKnownFileType = sourcecode.c.h; path = DrugsLoader.h; sourceTree = "<group>"; };
		1133835E1859AA1900CBA6FF /* DrugsLoader.m */ = {isa = PBXFileReference; fileEncoding = 4; lastKnownFileType = sourcecode.c.objc; path = DrugsLoader.m; sourceTree = "<group>"; };
		1133835F1859AA1900CBA6FF /* FileDownloader.h */ = {isa = PBXFileReference; fileEncoding = 4; lastKnownFileType = sourcecode.c.h; path = FileDownloader.h; sourceTree = "<group>"; };
		113383601859AA1900CBA6FF /* FileDownloader.m */ = {isa = PBXFileReference; fileEncoding = 4; lastKnownFileType = sourcecode.c.objc; path = FileDownloader.m; sourceTree = "<group>"; };
		113383611859AA1900CBA6FF /* DictionaryLoader.h */ = {isa = PBXFileReference; fileEncoding = 4; lastKnownFileType = sourcecode.c.h; path = DictionaryLoader.h; sourceTree = "<group>"; };
		113383621859AA1900CBA6FF /* DictionaryLoader.m */ = {isa = PBXFileReference; fileEncoding = 4; lastKnownFileType = sourcecode.c.objc; path = DictionaryLoader.m; sourceTree = "<group>"; };
		1133836A1859AA7200CBA6FF /* db.sql */ = {isa = PBXFileReference; fileEncoding = 4; lastKnownFileType = text; path = db.sql; sourceTree = "<group>"; };
		1133836C1859AA7200CBA6FF /* AppDoc.txt */ = {isa = PBXFileReference; fileEncoding = 4; lastKnownFileType = text; path = AppDoc.txt; sourceTree = "<group>"; };
		1133836D1859AA7200CBA6FF /* AppDocType_Lookup.txt */ = {isa = PBXFileReference; fileEncoding = 4; lastKnownFileType = text; path = AppDocType_Lookup.txt; sourceTree = "<group>"; };
		1133836E1859AA7200CBA6FF /* application.txt */ = {isa = PBXFileReference; fileEncoding = 4; lastKnownFileType = text; path = application.txt; sourceTree = "<group>"; };
		1133836F1859AA7200CBA6FF /* ChemTypeLookup.txt */ = {isa = PBXFileReference; fileEncoding = 4; lastKnownFileType = text; path = ChemTypeLookup.txt; sourceTree = "<group>"; };
		113383701859AA7200CBA6FF /* DocType_lookup.txt */ = {isa = PBXFileReference; fileEncoding = 4; lastKnownFileType = text; path = DocType_lookup.txt; sourceTree = "<group>"; };
		113383711859AA7200CBA6FF /* Product.txt */ = {isa = PBXFileReference; fileEncoding = 4; lastKnownFileType = text; path = Product.txt; sourceTree = "<group>"; };
		113383721859AA7200CBA6FF /* Product_tecode.txt */ = {isa = PBXFileReference; fileEncoding = 4; lastKnownFileType = text; path = Product_tecode.txt; sourceTree = "<group>"; };
		113383731859AA7200CBA6FF /* RegActionDate.txt */ = {isa = PBXFileReference; fileEncoding = 4; lastKnownFileType = text; path = RegActionDate.txt; sourceTree = "<group>"; };
		113383741859AA7200CBA6FF /* ReviewClass_Lookup.txt */ = {isa = PBXFileReference; fileEncoding = 4; lastKnownFileType = text; path = ReviewClass_Lookup.txt; sourceTree = "<group>"; };
		113383921859AAD400CBA6FF /* DictionarySynonym.h */ = {isa = PBXFileReference; fileEncoding = 4; lastKnownFileType = sourcecode.c.h; name = DictionarySynonym.h; path = "../../Dr. Lee's Reference/Dr. Lee's Reference/Model/DictionarySynonym.h"; sourceTree = "<group>"; };
		113383931859AAD400CBA6FF /* DictionarySynonym.m */ = {isa = PBXFileReference; fileEncoding = 4; lastKnownFileType = sourcecode.c.objc; name = DictionarySynonym.m; path = "../../Dr. Lee's Reference/Dr. Lee's Reference/Model/DictionarySynonym.m"; sourceTree = "<group>"; };
		113383961859AAD400CBA6FF /* Favorite.h */ = {isa = PBXFileReference; fileEncoding = 4; lastKnownFileType = sourcecode.c.h; name = Favorite.h; path = "../../Dr. Lee's Reference/Dr. Lee's Reference/Model/Favorite.h"; sourceTree = "<group>"; };
		113383971859AAD400CBA6FF /* Favorite.m */ = {isa = PBXFileReference; fileEncoding = 4; lastKnownFileType = sourcecode.c.objc; name = Favorite.m; path = "../../Dr. Lee's Reference/Dr. Lee's Reference/Model/Favorite.m"; sourceTree = "<group>"; };
		113383981859AAD400CBA6FF /* History.h */ = {isa = PBXFileReference; fileEncoding = 4; lastKnownFileType = sourcecode.c.h; name = History.h; path = "../../Dr. Lee's Reference/Dr. Lee's Reference/Model/History.h"; sourceTree = "<group>"; };
		113383991859AAD400CBA6FF /* History.m */ = {isa = PBXFileReference; fileEncoding = 4; lastKnownFileType = sourcecode.c.objc; name = History.m; path = "../../Dr. Lee's Reference/Dr. Lee's Reference/Model/History.m"; sourceTree = "<group>"; };
		119B62EF185C827C009D3184 /* DictionaryTerm.h */ = {isa = PBXFileReference; fileEncoding = 4; lastKnownFileType = sourcecode.c.h; name = DictionaryTerm.h; path = "../../Dr. Lee's Reference/Dr. Lee's Reference/Model/DictionaryTerm.h"; sourceTree = "<group>"; };
		119B62F0185C827C009D3184 /* DictionaryTerm.m */ = {isa = PBXFileReference; fileEncoding = 4; lastKnownFileType = sourcecode.c.objc; name = DictionaryTerm.m; path = "../../Dr. Lee's Reference/Dr. Lee's Reference/Model/DictionaryTerm.m"; sourceTree = "<group>"; };
		119B62F1185C827C009D3184 /* DictionaryXRef.h */ = {isa = PBXFileReference; fileEncoding = 4; lastKnownFileType = sourcecode.c.h; name = DictionaryXRef.h; path = "../../Dr. Lee's Reference/Dr. Lee's Reference/Model/DictionaryXRef.h"; sourceTree = "<group>"; };
		119B62F2185C827C009D3184 /* DictionaryXRef.m */ = {isa = PBXFileReference; fileEncoding = 4; lastKnownFileType = sourcecode.c.objc; name = DictionaryXRef.m; path = "../../Dr. Lee's Reference/Dr. Lee's Reference/Model/DictionaryXRef.m"; sourceTree = "<group>"; };
		5803D56E19304BE500A32230 /* 9_syns.csv */ = {isa = PBXFileReference; fileEncoding = 4; lastKnownFileType = text; path = 9_syns.csv; sourceTree = "<group>"; };
		5803D56F19304BE500A32230 /* 9_terms.csv */ = {isa = PBXFileReference; fileEncoding = 4; lastKnownFileType = text; path = 9_terms.csv; sourceTree = "<group>"; };
		5803D57019304BE500A32230 /* 9_xrefs.csv */ = {isa = PBXFileReference; fileEncoding = 4; lastKnownFileType = text; path = 9_xrefs.csv; sourceTree = "<group>"; };
		5803D5BF19304C8200A32230 /* a_syns.csv */ = {isa = PBXFileReference; fileEncoding = 4; lastKnownFileType = text; path = a_syns.csv; sourceTree = "<group>"; };
		5803D5C019304C8200A32230 /* a_terms.csv */ = {isa = PBXFileReference; fileEncoding = 4; lastKnownFileType = text; path = a_terms.csv; sourceTree = "<group>"; };
		5803D5C119304C8200A32230 /* a_xrefs.csv */ = {isa = PBXFileReference; fileEncoding = 4; lastKnownFileType = text; path = a_xrefs.csv; sourceTree = "<group>"; };
		5803D5C219304C8200A32230 /* b_syns.csv */ = {isa = PBXFileReference; fileEncoding = 4; lastKnownFileType = text; path = b_syns.csv; sourceTree = "<group>"; };
		5803D5C319304C8200A32230 /* b_terms.csv */ = {isa = PBXFileReference; fileEncoding = 4; lastKnownFileType = text; path = b_terms.csv; sourceTree = "<group>"; };
		5803D5C419304C8200A32230 /* b_xrefs.csv */ = {isa = PBXFileReference; fileEncoding = 4; lastKnownFileType = text; path = b_xrefs.csv; sourceTree = "<group>"; };
		5803D5C519304C8200A32230 /* c_syns.csv */ = {isa = PBXFileReference; fileEncoding = 4; lastKnownFileType = text; path = c_syns.csv; sourceTree = "<group>"; };
		5803D5C619304C8200A32230 /* c_terms.csv */ = {isa = PBXFileReference; fileEncoding = 4; lastKnownFileType = text; path = c_terms.csv; sourceTree = "<group>"; };
		5803D5C719304C8200A32230 /* c_xrefs.csv */ = {isa = PBXFileReference; fileEncoding = 4; lastKnownFileType = text; path = c_xrefs.csv; sourceTree = "<group>"; };
		5803D5C819304C8200A32230 /* d_syns.csv */ = {isa = PBXFileReference; fileEncoding = 4; lastKnownFileType = text; path = d_syns.csv; sourceTree = "<group>"; };
		5803D5C919304C8200A32230 /* d_terms.csv */ = {isa = PBXFileReference; fileEncoding = 4; lastKnownFileType = text; path = d_terms.csv; sourceTree = "<group>"; };
		5803D5CA19304C8200A32230 /* d_xrefs.csv */ = {isa = PBXFileReference; fileEncoding = 4; lastKnownFileType = text; path = d_xrefs.csv; sourceTree = "<group>"; };
		5803D5CB19304C8200A32230 /* e_syns.csv */ = {isa = PBXFileReference; fileEncoding = 4; lastKnownFileType = text; path = e_syns.csv; sourceTree = "<group>"; };
		5803D5CC19304C8200A32230 /* e_terms.csv */ = {isa = PBXFileReference; fileEncoding = 4; lastKnownFileType = text; path = e_terms.csv; sourceTree = "<group>"; };
		5803D5CD19304C8200A32230 /* e_xrefs.csv */ = {isa = PBXFileReference; fileEncoding = 4; lastKnownFileType = text; path = e_xrefs.csv; sourceTree = "<group>"; };
		5803D5CE19304C8200A32230 /* f_syns.csv */ = {isa = PBXFileReference; fileEncoding = 4; lastKnownFileType = text; path = f_syns.csv; sourceTree = "<group>"; };
		5803D5CF19304C8200A32230 /* f_terms.csv */ = {isa = PBXFileReference; fileEncoding = 4; lastKnownFileType = text; path = f_terms.csv; sourceTree = "<group>"; };
		5803D5D019304C8200A32230 /* f_xrefs.csv */ = {isa = PBXFileReference; fileEncoding = 4; lastKnownFileType = text; path = f_xrefs.csv; sourceTree = "<group>"; };
		5803D5D119304C8200A32230 /* g_syns.csv */ = {isa = PBXFileReference; fileEncoding = 4; lastKnownFileType = text; path = g_syns.csv; sourceTree = "<group>"; };
		5803D5D219304C8200A32230 /* g_terms.csv */ = {isa = PBXFileReference; fileEncoding = 4; lastKnownFileType = text; path = g_terms.csv; sourceTree = "<group>"; };
		5803D5D319304C8200A32230 /* g_xrefs.csv */ = {isa = PBXFileReference; fileEncoding = 4; lastKnownFileType = text; path = g_xrefs.csv; sourceTree = "<group>"; };
		5803D5D419304C8200A32230 /* h_syns.csv */ = {isa = PBXFileReference; fileEncoding = 4; lastKnownFileType = text; path = h_syns.csv; sourceTree = "<group>"; };
		5803D5D519304C8200A32230 /* h_terms.csv */ = {isa = PBXFileReference; fileEncoding = 4; lastKnownFileType = text; path = h_terms.csv; sourceTree = "<group>"; };
		5803D5D619304C8200A32230 /* h_xrefs.csv */ = {isa = PBXFileReference; fileEncoding = 4; lastKnownFileType = text; path = h_xrefs.csv; sourceTree = "<group>"; };
		5803D5D719304C8200A32230 /* i_syns.csv */ = {isa = PBXFileReference; fileEncoding = 4; lastKnownFileType = text; path = i_syns.csv; sourceTree = "<group>"; };
		5803D5D819304C8200A32230 /* i_terms.csv */ = {isa = PBXFileReference; fileEncoding = 4; lastKnownFileType = text; path = i_terms.csv; sourceTree = "<group>"; };
		5803D5D919304C8200A32230 /* i_xrefs.csv */ = {isa = PBXFileReference; fileEncoding = 4; lastKnownFileType = text; path = i_xrefs.csv; sourceTree = "<group>"; };
		5803D5DA19304C8200A32230 /* j_syns.csv */ = {isa = PBXFileReference; fileEncoding = 4; lastKnownFileType = text; path = j_syns.csv; sourceTree = "<group>"; };
		5803D5DB19304C8200A32230 /* j_terms.csv */ = {isa = PBXFileReference; fileEncoding = 4; lastKnownFileType = text; path = j_terms.csv; sourceTree = "<group>"; };
		5803D5DC19304C8200A32230 /* j_xrefs.csv */ = {isa = PBXFileReference; fileEncoding = 4; lastKnownFileType = text; path = j_xrefs.csv; sourceTree = "<group>"; };
		5803D5DD19304C8200A32230 /* k_syns.csv */ = {isa = PBXFileReference; fileEncoding = 4; lastKnownFileType = text; path = k_syns.csv; sourceTree = "<group>"; };
		5803D5DE19304C8200A32230 /* k_terms.csv */ = {isa = PBXFileReference; fileEncoding = 4; lastKnownFileType = text; path = k_terms.csv; sourceTree = "<group>"; };
		5803D5DF19304C8200A32230 /* k_xrefs.csv */ = {isa = PBXFileReference; fileEncoding = 4; lastKnownFileType = text; path = k_xrefs.csv; sourceTree = "<group>"; };
		5803D5E019304C8200A32230 /* l_syns.csv */ = {isa = PBXFileReference; fileEncoding = 4; lastKnownFileType = text; path = l_syns.csv; sourceTree = "<group>"; };
		5803D5E119304C8200A32230 /* l_terms.csv */ = {isa = PBXFileReference; fileEncoding = 4; lastKnownFileType = text; path = l_terms.csv; sourceTree = "<group>"; };
		5803D5E219304C8200A32230 /* l_xrefs.csv */ = {isa = PBXFileReference; fileEncoding = 4; lastKnownFileType = text; path = l_xrefs.csv; sourceTree = "<group>"; };
		5803D5E319304C8200A32230 /* m_syns.csv */ = {isa = PBXFileReference; fileEncoding = 4; lastKnownFileType = text; path = m_syns.csv; sourceTree = "<group>"; };
		5803D5E419304C8200A32230 /* m_terms.csv */ = {isa = PBXFileReference; fileEncoding = 4; lastKnownFileType = text; path = m_terms.csv; sourceTree = "<group>"; };
		5803D5E519304C8200A32230 /* m_xrefs.csv */ = {isa = PBXFileReference; fileEncoding = 4; lastKnownFileType = text; path = m_xrefs.csv; sourceTree = "<group>"; };
		5803D5E619304C8200A32230 /* n_syns.csv */ = {isa = PBXFileReference; fileEncoding = 4; lastKnownFileType = text; path = n_syns.csv; sourceTree = "<group>"; };
		5803D5E719304C8200A32230 /* n_terms.csv */ = {isa = PBXFileReference; fileEncoding = 4; lastKnownFileType = text; path = n_terms.csv; sourceTree = "<group>"; };
		5803D5E819304C8200A32230 /* n_xrefs.csv */ = {isa = PBXFileReference; fileEncoding = 4; lastKnownFileType = text; path = n_xrefs.csv; sourceTree = "<group>"; };
		5803D5E919304C8200A32230 /* o_syns.csv */ = {isa = PBXFileReference; fileEncoding = 4; lastKnownFileType = text; path = o_syns.csv; sourceTree = "<group>"; };
		5803D5EA19304C8200A32230 /* o_terms.csv */ = {isa = PBXFileReference; fileEncoding = 4; lastKnownFileType = text; path = o_terms.csv; sourceTree = "<group>"; };
		5803D5EB19304C8200A32230 /* o_xrefs.csv */ = {isa = PBXFileReference; fileEncoding = 4; lastKnownFileType = text; path = o_xrefs.csv; sourceTree = "<group>"; };
		5803D5EC19304C8200A32230 /* p_syns.csv */ = {isa = PBXFileReference; fileEncoding = 4; lastKnownFileType = text; path = p_syns.csv; sourceTree = "<group>"; };
		5803D5ED19304C8200A32230 /* p_terms.csv */ = {isa = PBXFileReference; fileEncoding = 4; lastKnownFileType = text; path = p_terms.csv; sourceTree = "<group>"; };
		5803D5EE19304C8200A32230 /* p_xrefs.csv */ = {isa = PBXFileReference; fileEncoding = 4; lastKnownFileType = text; path = p_xrefs.csv; sourceTree = "<group>"; };
		5803D5EF19304C8200A32230 /* q_syns.csv */ = {isa = PBXFileReference; fileEncoding = 4; lastKnownFileType = text; path = q_syns.csv; sourceTree = "<group>"; };
		5803D5F019304C8200A32230 /* q_terms.csv */ = {isa = PBXFileReference; fileEncoding = 4; lastKnownFileType = text; path = q_terms.csv; sourceTree = "<group>"; };
		5803D5F119304C8200A32230 /* q_xrefs.csv */ = {isa = PBXFileReference; fileEncoding = 4; lastKnownFileType = text; path = q_xrefs.csv; sourceTree = "<group>"; };
		5803D5F219304C8200A32230 /* r_syns.csv */ = {isa = PBXFileReference; fileEncoding = 4; lastKnownFileType = text; path = r_syns.csv; sourceTree = "<group>"; };
		5803D5F319304C8200A32230 /* r_terms.csv */ = {isa = PBXFileReference; fileEncoding = 4; lastKnownFileType = text; path = r_terms.csv; sourceTree = "<group>"; };
		5803D5F419304C8200A32230 /* r_xrefs.csv */ = {isa = PBXFileReference; fileEncoding = 4; lastKnownFileType = text; path = r_xrefs.csv; sourceTree = "<group>"; };
		5803D5F519304C8200A32230 /* s_syns.csv */ = {isa = PBXFileReference; fileEncoding = 4; lastKnownFileType = text; path = s_syns.csv; sourceTree = "<group>"; };
		5803D5F619304C8200A32230 /* s_terms.csv */ = {isa = PBXFileReference; fileEncoding = 4; lastKnownFileType = text; path = s_terms.csv; sourceTree = "<group>"; };
		5803D5F719304C8200A32230 /* s_xrefs.csv */ = {isa = PBXFileReference; fileEncoding = 4; lastKnownFileType = text; path = s_xrefs.csv; sourceTree = "<group>"; };
		5803D5F819304C8200A32230 /* t_syns.csv */ = {isa = PBXFileReference; fileEncoding = 4; lastKnownFileType = text; path = t_syns.csv; sourceTree = "<group>"; };
		5803D5F919304C8200A32230 /* t_terms.csv */ = {isa = PBXFileReference; fileEncoding = 4; lastKnownFileType = text; path = t_terms.csv; sourceTree = "<group>"; };
		5803D5FA19304C8200A32230 /* t_xrefs.csv */ = {isa = PBXFileReference; fileEncoding = 4; lastKnownFileType = text; path = t_xrefs.csv; sourceTree = "<group>"; };
		5803D5FB19304C8200A32230 /* u_syns.csv */ = {isa = PBXFileReference; fileEncoding = 4; lastKnownFileType = text; path = u_syns.csv; sourceTree = "<group>"; };
		5803D5FC19304C8200A32230 /* u_terms.csv */ = {isa = PBXFileReference; fileEncoding = 4; lastKnownFileType = text; path = u_terms.csv; sourceTree = "<group>"; };
		5803D5FD19304C8200A32230 /* u_xrefs.csv */ = {isa = PBXFileReference; fileEncoding = 4; lastKnownFileType = text; path = u_xrefs.csv; sourceTree = "<group>"; };
		5803D5FE19304C8200A32230 /* v_syns.csv */ = {isa = PBXFileReference; fileEncoding = 4; lastKnownFileType = text; path = v_syns.csv; sourceTree = "<group>"; };
		5803D5FF19304C8200A32230 /* v_terms.csv */ = {isa = PBXFileReference; fileEncoding = 4; lastKnownFileType = text; path = v_terms.csv; sourceTree = "<group>"; };
		5803D60019304C8200A32230 /* v_xrefs.csv */ = {isa = PBXFileReference; fileEncoding = 4; lastKnownFileType = text; path = v_xrefs.csv; sourceTree = "<group>"; };
		5803D60119304C8200A32230 /* w_syns.csv */ = {isa = PBXFileReference; fileEncoding = 4; lastKnownFileType = text; path = w_syns.csv; sourceTree = "<group>"; };
		5803D60219304C8200A32230 /* w_terms.csv */ = {isa = PBXFileReference; fileEncoding = 4; lastKnownFileType = text; path = w_terms.csv; sourceTree = "<group>"; };
		5803D60319304C8200A32230 /* w_xrefs.csv */ = {isa = PBXFileReference; fileEncoding = 4; lastKnownFileType = text; path = w_xrefs.csv; sourceTree = "<group>"; };
		5803D60419304C8200A32230 /* x_syns.csv */ = {isa = PBXFileReference; fileEncoding = 4; lastKnownFileType = text; path = x_syns.csv; sourceTree = "<group>"; };
		5803D60519304C8200A32230 /* x_terms.csv */ = {isa = PBXFileReference; fileEncoding = 4; lastKnownFileType = text; path = x_terms.csv; sourceTree = "<group>"; };
		5803D60619304C8200A32230 /* x_xrefs.csv */ = {isa = PBXFileReference; fileEncoding = 4; lastKnownFileType = text; path = x_xrefs.csv; sourceTree = "<group>"; };
		5803D60719304C8200A32230 /* y_syns.csv */ = {isa = PBXFileReference; fileEncoding = 4; lastKnownFileType = text; path = y_syns.csv; sourceTree = "<group>"; };
		5803D60819304C8200A32230 /* y_terms.csv */ = {isa = PBXFileReference; fileEncoding = 4; lastKnownFileType = text; path = y_terms.csv; sourceTree = "<group>"; };
		5803D60919304C8200A32230 /* y_xrefs.csv */ = {isa = PBXFileReference; fileEncoding = 4; lastKnownFileType = text; path = y_xrefs.csv; sourceTree = "<group>"; };
		5803D60A19304C8200A32230 /* z_syns.csv */ = {isa = PBXFileReference; fileEncoding = 4; lastKnownFileType = text; path = z_syns.csv; sourceTree = "<group>"; };
		5803D60B19304C8200A32230 /* z_terms.csv */ = {isa = PBXFileReference; fileEncoding = 4; lastKnownFileType = text; path = z_terms.csv; sourceTree = "<group>"; };
		5803D60C19304C8200A32230 /* z_xrefs.csv */ = {isa = PBXFileReference; fileEncoding = 4; lastKnownFileType = text; path = z_xrefs.csv; sourceTree = "<group>"; };
		5815F08D1905841000BB62AE /* ICD10Diagnosis.h */ = {isa = PBXFileReference; fileEncoding = 4; lastKnownFileType = sourcecode.c.h; name = ICD10Diagnosis.h; path = "../../Dr. Lee's Reference/Dr. Lee's Reference/Model/ICD10Diagnosis.h"; sourceTree = "<group>"; };
		5815F08E1905841000BB62AE /* ICD10Diagnosis.m */ = {isa = PBXFileReference; fileEncoding = 4; lastKnownFileType = sourcecode.c.objc; name = ICD10Diagnosis.m; path = "../../Dr. Lee's Reference/Dr. Lee's Reference/Model/ICD10Diagnosis.m"; sourceTree = "<group>"; };
		5815F08F1905841000BB62AE /* ICD10DiagnosisDrug.h */ = {isa = PBXFileReference; fileEncoding = 4; lastKnownFileType = sourcecode.c.h; name = ICD10DiagnosisDrug.h; path = "../../Dr. Lee's Reference/Dr. Lee's Reference/Model/ICD10DiagnosisDrug.h"; sourceTree = "<group>"; };
		5815F0901905841000BB62AE /* ICD10DiagnosisDrug.m */ = {isa = PBXFileReference; fileEncoding = 4; lastKnownFileType = sourcecode.c.objc; name = ICD10DiagnosisDrug.m; path = "../../Dr. Lee's Reference/Dr. Lee's Reference/Model/ICD10DiagnosisDrug.m"; sourceTree = "<group>"; };
		5815F0911905841000BB62AE /* ICD10DiagnosisEIndex.h */ = {isa = PBXFileReference; fileEncoding = 4; lastKnownFileType = sourcecode.c.h; name = ICD10DiagnosisEIndex.h; path = "../../Dr. Lee's Reference/Dr. Lee's Reference/Model/ICD10DiagnosisEIndex.h"; sourceTree = "<group>"; };
		5815F0921905841000BB62AE /* ICD10DiagnosisEIndex.m */ = {isa = PBXFileReference; fileEncoding = 4; lastKnownFileType = sourcecode.c.objc; name = ICD10DiagnosisEIndex.m; path = "../../Dr. Lee's Reference/Dr. Lee's Reference/Model/ICD10DiagnosisEIndex.m"; sourceTree = "<group>"; };
		5815F0931905841000BB62AE /* ICD10DiagnosisIndex.h */ = {isa = PBXFileReference; fileEncoding = 4; lastKnownFileType = sourcecode.c.h; name = ICD10DiagnosisIndex.h; path = "../../Dr. Lee's Reference/Dr. Lee's Reference/Model/ICD10DiagnosisIndex.h"; sourceTree = "<group>"; };
		5815F0941905841000BB62AE /* ICD10DiagnosisIndex.m */ = {isa = PBXFileReference; fileEncoding = 4; lastKnownFileType = sourcecode.c.objc; name = ICD10DiagnosisIndex.m; path = "../../Dr. Lee's Reference/Dr. Lee's Reference/Model/ICD10DiagnosisIndex.m"; sourceTree = "<group>"; };
		5815F0951905841000BB62AE /* ICD10DiagnosisNeoplasm.h */ = {isa = PBXFileReference; fileEncoding = 4; lastKnownFileType = sourcecode.c.h; name = ICD10DiagnosisNeoplasm.h; path = "../../Dr. Lee's Reference/Dr. Lee's Reference/Model/ICD10DiagnosisNeoplasm.h"; sourceTree = "<group>"; };
		5815F0961905841000BB62AE /* ICD10DiagnosisNeoplasm.m */ = {isa = PBXFileReference; fileEncoding = 4; lastKnownFileType = sourcecode.c.objc; name = ICD10DiagnosisNeoplasm.m; path = "../../Dr. Lee's Reference/Dr. Lee's Reference/Model/ICD10DiagnosisNeoplasm.m"; sourceTree = "<group>"; };
		5815F0991905841000BB62AE /* ICD10ProcedureDefinition.h */ = {isa = PBXFileReference; fileEncoding = 4; lastKnownFileType = sourcecode.c.h; name = ICD10ProcedureDefinition.h; path = "../../Dr. Lee's Reference/Dr. Lee's Reference/Model/ICD10ProcedureDefinition.h"; sourceTree = "<group>"; };
		5815F09A1905841000BB62AE /* ICD10ProcedureDefinition.m */ = {isa = PBXFileReference; fileEncoding = 4; lastKnownFileType = sourcecode.c.objc; name = ICD10ProcedureDefinition.m; path = "../../Dr. Lee's Reference/Dr. Lee's Reference/Model/ICD10ProcedureDefinition.m"; sourceTree = "<group>"; };
		5815F09B1905841000BB62AE /* ICD10ProcedureIndex.h */ = {isa = PBXFileReference; fileEncoding = 4; lastKnownFileType = sourcecode.c.h; name = ICD10ProcedureIndex.h; path = "../../Dr. Lee's Reference/Dr. Lee's Reference/Model/ICD10ProcedureIndex.h"; sourceTree = "<group>"; };
		5815F09C1905841000BB62AE /* ICD10ProcedureIndex.m */ = {isa = PBXFileReference; fileEncoding = 4; lastKnownFileType = sourcecode.c.objc; name = ICD10ProcedureIndex.m; path = "../../Dr. Lee's Reference/Dr. Lee's Reference/Model/ICD10ProcedureIndex.m"; sourceTree = "<group>"; };
		5815F0AA1905867F00BB62AE /* DiagnosesLoader.h */ = {isa = PBXFileReference; fileEncoding = 4; lastKnownFileType = sourcecode.c.h; path = DiagnosesLoader.h; sourceTree = "<group>"; };
		5815F0AB1905867F00BB62AE /* DiagnosesLoader.m */ = {isa = PBXFileReference; fileEncoding = 4; lastKnownFileType = sourcecode.c.objc; path = DiagnosesLoader.m; sourceTree = "<group>"; };
		5815F0B01905869700BB62AE /* ProceduresLoader.h */ = {isa = PBXFileReference; fileEncoding = 4; lastKnownFileType = sourcecode.c.h; path = ProceduresLoader.h; sourceTree = "<group>"; };
		5815F0B11905869700BB62AE /* ProceduresLoader.m */ = {isa = PBXFileReference; fileEncoding = 4; lastKnownFileType = sourcecode.c.objc; path = ProceduresLoader.m; sourceTree = "<group>"; };
		5815F0B51905896D00BB62AE /* icd10cm_diff_2014.txt */ = {isa = PBXFileReference; fileEncoding = 4; lastKnownFileType = text; path = icd10cm_diff_2014.txt; sourceTree = "<group>"; };
		5815F0B61905896D00BB62AE /* icd10cm_order_2014.txt */ = {isa = PBXFileReference; fileEncoding = 4; lastKnownFileType = text; path = icd10cm_order_2014.txt; sourceTree = "<group>"; };
		5815F0B71905896D00BB62AE /* ICD10OrderFiles.pdf */ = {isa = PBXFileReference; lastKnownFileType = image.pdf; path = ICD10OrderFiles.pdf; sourceTree = "<group>"; };
		5815F0B91905896D00BB62AE /* Drug.pdf */ = {isa = PBXFileReference; lastKnownFileType = image.pdf; path = Drug.pdf; sourceTree = "<group>"; };
		5815F0BA1905896D00BB62AE /* Drug.xml */ = {isa = PBXFileReference; fileEncoding = 4; lastKnownFileType = text.xml; path = Drug.xml; sourceTree = "<group>"; };
		5815F0BB1905896D00BB62AE /* E-Index.pdf */ = {isa = PBXFileReference; lastKnownFileType = image.pdf; path = "E-Index.pdf"; sourceTree = "<group>"; };
		5815F0BC1905896D00BB62AE /* E-Index.xml */ = {isa = PBXFileReference; fileEncoding = 4; lastKnownFileType = text.xml; path = "E-Index.xml"; sourceTree = "<group>"; };
		5815F0BD1905896D00BB62AE /* Index.pdf */ = {isa = PBXFileReference; lastKnownFileType = image.pdf; path = Index.pdf; sourceTree = "<group>"; };
		5815F0BE1905896D00BB62AE /* Index.xml */ = {isa = PBXFileReference; fileEncoding = 4; lastKnownFileType = text.xml; path = Index.xml; sourceTree = "<group>"; };
		5815F0BF1905896D00BB62AE /* Neoplasm.pdf */ = {isa = PBXFileReference; lastKnownFileType = image.pdf; path = Neoplasm.pdf; sourceTree = "<group>"; };
		5815F0C01905896D00BB62AE /* Neoplasm.xml */ = {isa = PBXFileReference; fileEncoding = 4; lastKnownFileType = text.xml; path = Neoplasm.xml; sourceTree = "<group>"; };
		5815F0C11905896D00BB62AE /* Tabular.pdf */ = {isa = PBXFileReference; lastKnownFileType = image.pdf; path = Tabular.pdf; sourceTree = "<group>"; };
		5815F0C21905896D00BB62AE /* Tabular.xml */ = {isa = PBXFileReference; fileEncoding = 4; lastKnownFileType = text.xml; path = Tabular.xml; sourceTree = "<group>"; };
		5815F0C41905896D00BB62AE /* reimb_map_dx_2014.txt */ = {isa = PBXFileReference; fileEncoding = 4; lastKnownFileType = text; path = reimb_map_dx_2014.txt; sourceTree = "<group>"; };
		5815F0C51905896D00BB62AE /* reimb_map_guide_2014.pdf */ = {isa = PBXFileReference; lastKnownFileType = image.pdf; path = reimb_map_guide_2014.pdf; sourceTree = "<group>"; };
		5815F0C71905896D00BB62AE /* 2014-I10Dx-codes.txt */ = {isa = PBXFileReference; fileEncoding = 4; lastKnownFileType = text; path = "2014-I10Dx-codes.txt"; sourceTree = "<group>"; };
		5815F0C81905896D00BB62AE /* Detailed List  of Codes Exempt from POA.pdf */ = {isa = PBXFileReference; lastKnownFileType = image.pdf; path = "Detailed List  of Codes Exempt from POA.pdf"; sourceTree = "<group>"; };
		5815F0C91905896D00BB62AE /* Detailed List  of Codes Exempt from POA.txt */ = {isa = PBXFileReference; fileEncoding = 4; lastKnownFileType = text; path = "Detailed List  of Codes Exempt from POA.txt"; sourceTree = "<group>"; };
		5815F0CA1905896D00BB62AE /* Detailed List  of Codes Exempt from POA.xlsx */ = {isa = PBXFileReference; lastKnownFileType = file; path = "Detailed List  of Codes Exempt from POA.xlsx"; sourceTree = "<group>"; };
		5815F0CC1905896D00BB62AE /* 2014_I10gem.txt */ = {isa = PBXFileReference; fileEncoding = 4; lastKnownFileType = text; path = 2014_I10gem.txt; sourceTree = "<group>"; };
		5815F0CD1905896D00BB62AE /* 2014_I9gem.txt */ = {isa = PBXFileReference; fileEncoding = 4; lastKnownFileType = text; path = 2014_I9gem.txt; sourceTree = "<group>"; };
		5815F0CE1905896D00BB62AE /* Dxgem_guide_2014.pdf */ = {isa = PBXFileReference; lastKnownFileType = image.pdf; path = Dxgem_guide_2014.pdf; sourceTree = "<group>"; };
		5815F0CF1905896D00BB62AE /* Gems2014UpdateSummary.pdf */ = {isa = PBXFileReference; lastKnownFileType = image.pdf; path = Gems2014UpdateSummary.pdf; sourceTree = "<group>"; };
		5815F0D01905896D00BB62AE /* GemsTechDoc.pdf */ = {isa = PBXFileReference; lastKnownFileType = image.pdf; path = GemsTechDoc.pdf; sourceTree = "<group>"; };
		5815F0D21905896D00BB62AE /* duplicate_ICD10CM_codes.pdf */ = {isa = PBXFileReference; lastKnownFileType = image.pdf; path = duplicate_ICD10CM_codes.pdf; sourceTree = "<group>"; };
		5815F0D31905896D00BB62AE /* duplicate_ICD10CM_codes.txt */ = {isa = PBXFileReference; fileEncoding = 4; lastKnownFileType = text; path = duplicate_ICD10CM_codes.txt; sourceTree = "<group>"; };
		5815F0D41905896D00BB62AE /* duplicate_ICD10CM_codes.xlsx */ = {isa = PBXFileReference; lastKnownFileType = file; path = duplicate_ICD10CM_codes.xlsx; sourceTree = "<group>"; };
		5815F0D71905896D00BB62AE /* definitions_addenda_2014.pdf */ = {isa = PBXFileReference; lastKnownFileType = image.pdf; path = definitions_addenda_2014.pdf; sourceTree = "<group>"; };
		5815F0D81905896D00BB62AE /* definitions_addenda_2014.txt */ = {isa = PBXFileReference; fileEncoding = 4; lastKnownFileType = text; path = definitions_addenda_2014.txt; sourceTree = "<group>"; };
		5815F0D91905896D00BB62AE /* icd10pcs_diff_13_14.txt */ = {isa = PBXFileReference; fileEncoding = 4; lastKnownFileType = text; path = icd10pcs_diff_13_14.txt; sourceTree = "<group>"; };
		5815F0DA1905896D00BB62AE /* index_addenda_2014.pdf */ = {isa = PBXFileReference; lastKnownFileType = image.pdf; path = index_addenda_2014.pdf; sourceTree = "<group>"; };
		5815F0DB1905896D00BB62AE /* index_addenda_2014.txt */ = {isa = PBXFileReference; fileEncoding = 4; lastKnownFileType = text; path = index_addenda_2014.txt; sourceTree = "<group>"; };
		5815F0DC1905896D00BB62AE /* pcs_addenda_readme2014.pdf */ = {isa = PBXFileReference; lastKnownFileType = image.pdf; path = pcs_addenda_readme2014.pdf; sourceTree = "<group>"; };
		5815F0DD1905896D00BB62AE /* PcsAddendaAdditionsNewLabels.pdf */ = {isa = PBXFileReference; lastKnownFileType = image.pdf; path = PcsAddendaAdditionsNewLabels.pdf; sourceTree = "<group>"; };
		5815F0DE1905896D00BB62AE /* PcsAddendaAdditionsNewLabels.xml */ = {isa = PBXFileReference; fileEncoding = 4; lastKnownFileType = text.xml; path = PcsAddendaAdditionsNewLabels.xml; sourceTree = "<group>"; };
		5815F0DF1905896D00BB62AE /* PcsAddendaDeletionsOldLabels.pdf */ = {isa = PBXFileReference; lastKnownFileType = image.pdf; path = PcsAddendaDeletionsOldLabels.pdf; sourceTree = "<group>"; };
		5815F0E01905896D00BB62AE /* PcsAddendaDeletionsOldLabels.xml */ = {isa = PBXFileReference; fileEncoding = 4; lastKnownFileType = text.xml; path = PcsAddendaDeletionsOldLabels.xml; sourceTree = "<group>"; };
		5815F0E21905896D00BB62AE /* icd10pcs_definitions.xsd */ = {isa = PBXFileReference; fileEncoding = 4; lastKnownFileType = text.xml; path = icd10pcs_definitions.xsd; sourceTree = "<group>"; };
		5815F0E31905896D00BB62AE /* icd10pcs_definitions_2014.xml */ = {isa = PBXFileReference; fileEncoding = 4; lastKnownFileType = text.xml; path = icd10pcs_definitions_2014.xml; sourceTree = "<group>"; };
		5815F0E41905896D00BB62AE /* icd10pcs_index.xsd */ = {isa = PBXFileReference; fileEncoding = 4; lastKnownFileType = text.xml; path = icd10pcs_index.xsd; sourceTree = "<group>"; };
		5815F0E51905896D00BB62AE /* icd10pcs_index_2014.xml */ = {isa = PBXFileReference; fileEncoding = 4; lastKnownFileType = text.xml; path = icd10pcs_index_2014.xml; sourceTree = "<group>"; };
		5815F0E61905896D00BB62AE /* icd10pcs_tabular.xsd */ = {isa = PBXFileReference; fileEncoding = 4; lastKnownFileType = text.xml; path = icd10pcs_tabular.xsd; sourceTree = "<group>"; };
		5815F0E71905896D00BB62AE /* icd10pcs_tabular_2014.xml */ = {isa = PBXFileReference; fileEncoding = 4; lastKnownFileType = text.xml; path = icd10pcs_tabular_2014.xml; sourceTree = "<group>"; };
		5815F0E81905896D00BB62AE /* PCS_2014.pdf */ = {isa = PBXFileReference; lastKnownFileType = image.pdf; path = PCS_2014.pdf; sourceTree = "<group>"; };
		5815F0EA1905896D00BB62AE /* ICD10OrderFiles.pdf */ = {isa = PBXFileReference; lastKnownFileType = image.pdf; path = ICD10OrderFiles.pdf; sourceTree = "<group>"; };
		5815F0EB1905896D00BB62AE /* icd10pcs_order_2014.txt */ = {isa = PBXFileReference; fileEncoding = 4; lastKnownFileType = text; path = icd10pcs_order_2014.txt; sourceTree = "<group>"; };
		5815F0EC1905896D00BB62AE /* 2014-pcs-procedure-coding-system.pdf */ = {isa = PBXFileReference; lastKnownFileType = image.pdf; path = "2014-pcs-procedure-coding-system.pdf"; sourceTree = "<group>"; };
		5815F0EE1905896D00BB62AE /* ICD-10-PCS Reference Manual.pdf */ = {isa = PBXFileReference; lastKnownFileType = image.pdf; path = "ICD-10-PCS Reference Manual.pdf"; sourceTree = "<group>"; };
		5815F0EF1905896D00BB62AE /* pcs_ref_addenda_2014.pdf */ = {isa = PBXFileReference; lastKnownFileType = image.pdf; path = pcs_ref_addenda_2014.pdf; sourceTree = "<group>"; };
		5815F0F11905896D00BB62AE /* reimb_map_guide_2014.pdf */ = {isa = PBXFileReference; lastKnownFileType = image.pdf; path = reimb_map_guide_2014.pdf; sourceTree = "<group>"; };
		5815F0F21905896D00BB62AE /* reimb_map_pr_2014.txt */ = {isa = PBXFileReference; fileEncoding = 4; lastKnownFileType = text; path = reimb_map_pr_2014.txt; sourceTree = "<group>"; };
		5815F0F31905896D00BB62AE /* PCS-2014-guidelines.pdf */ = {isa = PBXFileReference; lastKnownFileType = image.pdf; path = "PCS-2014-guidelines.pdf"; sourceTree = "<group>"; };
		5815F0F51905896D00BB62AE /* pcs_slides2014.pdf */ = {isa = PBXFileReference; lastKnownFileType = image.pdf; path = pcs_slides2014.pdf; sourceTree = "<group>"; };
		5815F0F61905896D00BB62AE /* pcs_slides2014_outline.pdf */ = {isa = PBXFileReference; lastKnownFileType = image.pdf; path = pcs_slides2014_outline.pdf; sourceTree = "<group>"; };
		5815F0F71905896D00BB62AE /* pcs-whats-new-2014.pdf */ = {isa = PBXFileReference; lastKnownFileType = image.pdf; path = "pcs-whats-new-2014.pdf"; sourceTree = "<group>"; };
		5815F0F91905896D00BB62AE /* gem_i9pcs.txt */ = {isa = PBXFileReference; fileEncoding = 4; lastKnownFileType = text; path = gem_i9pcs.txt; sourceTree = "<group>"; };
		5815F0FA1905896D00BB62AE /* gem_pcsi9.txt */ = {isa = PBXFileReference; fileEncoding = 4; lastKnownFileType = text; path = gem_pcsi9.txt; sourceTree = "<group>"; };
		5815F0FB1905896D00BB62AE /* Gems2014UpdateSummary.pdf */ = {isa = PBXFileReference; lastKnownFileType = image.pdf; path = Gems2014UpdateSummary.pdf; sourceTree = "<group>"; };
		5815F0FC1905896D00BB62AE /* GemsTechDoc.pdf */ = {isa = PBXFileReference; lastKnownFileType = image.pdf; path = GemsTechDoc.pdf; sourceTree = "<group>"; };
		5815F0FD1905896D00BB62AE /* pcs_gemguide_2014.pdf */ = {isa = PBXFileReference; lastKnownFileType = image.pdf; path = pcs_gemguide_2014.pdf; sourceTree = "<group>"; };
		58264E61189E941F00D83B00 /* libJJJ.a */ = {isa = PBXFileReference; lastKnownFileType = archive.ar; name = libJJJ.a; path = "../../../../../../../../Users/buttmanizer/Library/Developer/Xcode/DerivedData/Dr._Lee's_Reference-czjeuqoykfphysdhxudpnheeuitz/Build/Products/Debug-iphoneos/libJJJ.a"; sourceTree = "<group>"; };
		58264E67189E95B200D83B00 /* JJJ.xcodeproj */ = {isa = PBXFileReference; lastKnownFileType = "wrapper.pb-project"; name = JJJ.xcodeproj; path = ../jjj/JJJ/JJJ.xcodeproj; sourceTree = "<group>"; };
		8C2E636A1910FF3000B5A908 /* 2.xcdatamodel */ = {isa = PBXFileReference; lastKnownFileType = wrapper.xcdatamodel; path = 2.xcdatamodel; sourceTree = "<group>"; };
		8C2E636B1910FF3000B5A908 /* 3.xcdatamodel */ = {isa = PBXFileReference; lastKnownFileType = wrapper.xcdatamodel; path = 3.xcdatamodel; sourceTree = "<group>"; };
		8C3A68C219331E32000C0E2C /* DrugAppDoc.h */ = {isa = PBXFileReference; fileEncoding = 4; lastKnownFileType = sourcecode.c.h; name = DrugAppDoc.h; path = "../../Dr. Lee's Reference/Dr. Lee's Reference/Model/DrugAppDoc.h"; sourceTree = "<group>"; };
		8C3A68C319331E32000C0E2C /* DrugAppDoc.m */ = {isa = PBXFileReference; fileEncoding = 4; lastKnownFileType = sourcecode.c.objc; name = DrugAppDoc.m; path = "../../Dr. Lee's Reference/Dr. Lee's Reference/Model/DrugAppDoc.m"; sourceTree = "<group>"; };
		8C3A68C419331E32000C0E2C /* DrugAppDocType_Lookup.h */ = {isa = PBXFileReference; fileEncoding = 4; lastKnownFileType = sourcecode.c.h; name = DrugAppDocType_Lookup.h; path = "../../Dr. Lee's Reference/Dr. Lee's Reference/Model/DrugAppDocType_Lookup.h"; sourceTree = "<group>"; };
		8C3A68C519331E32000C0E2C /* DrugAppDocType_Lookup.m */ = {isa = PBXFileReference; fileEncoding = 4; lastKnownFileType = sourcecode.c.objc; name = DrugAppDocType_Lookup.m; path = "../../Dr. Lee's Reference/Dr. Lee's Reference/Model/DrugAppDocType_Lookup.m"; sourceTree = "<group>"; };
		8C3A68C619331E32000C0E2C /* DrugApplication.h */ = {isa = PBXFileReference; fileEncoding = 4; lastKnownFileType = sourcecode.c.h; name = DrugApplication.h; path = "../../Dr. Lee's Reference/Dr. Lee's Reference/Model/DrugApplication.h"; sourceTree = "<group>"; };
		8C3A68C719331E32000C0E2C /* DrugApplication.m */ = {isa = PBXFileReference; fileEncoding = 4; lastKnownFileType = sourcecode.c.objc; name = DrugApplication.m; path = "../../Dr. Lee's Reference/Dr. Lee's Reference/Model/DrugApplication.m"; sourceTree = "<group>"; };
		8C3A68C819331E32000C0E2C /* DrugChemicalType_Lookup.h */ = {isa = PBXFileReference; fileEncoding = 4; lastKnownFileType = sourcecode.c.h; name = DrugChemicalType_Lookup.h; path = "../../Dr. Lee's Reference/Dr. Lee's Reference/Model/DrugChemicalType_Lookup.h"; sourceTree = "<group>"; };
		8C3A68C919331E32000C0E2C /* DrugChemicalType_Lookup.m */ = {isa = PBXFileReference; fileEncoding = 4; lastKnownFileType = sourcecode.c.objc; name = DrugChemicalType_Lookup.m; path = "../../Dr. Lee's Reference/Dr. Lee's Reference/Model/DrugChemicalType_Lookup.m"; sourceTree = "<group>"; };
		8C3A68CA19331E32000C0E2C /* DrugDocType_Lookup.h */ = {isa = PBXFileReference; fileEncoding = 4; lastKnownFileType = sourcecode.c.h; name = DrugDocType_Lookup.h; path = "../../Dr. Lee's Reference/Dr. Lee's Reference/Model/DrugDocType_Lookup.h"; sourceTree = "<group>"; };
		8C3A68CB19331E32000C0E2C /* DrugDocType_Lookup.m */ = {isa = PBXFileReference; fileEncoding = 4; lastKnownFileType = sourcecode.c.objc; name = DrugDocType_Lookup.m; path = "../../Dr. Lee's Reference/Dr. Lee's Reference/Model/DrugDocType_Lookup.m"; sourceTree = "<group>"; };
		8C3A68CC19331E32000C0E2C /* DrugProduct_TECode.h */ = {isa = PBXFileReference; fileEncoding = 4; lastKnownFileType = sourcecode.c.h; name = DrugProduct_TECode.h; path = "../../Dr. Lee's Reference/Dr. Lee's Reference/Model/DrugProduct_TECode.h"; sourceTree = "<group>"; };
		8C3A68CD19331E32000C0E2C /* DrugProduct_TECode.m */ = {isa = PBXFileReference; fileEncoding = 4; lastKnownFileType = sourcecode.c.objc; name = DrugProduct_TECode.m; path = "../../Dr. Lee's Reference/Dr. Lee's Reference/Model/DrugProduct_TECode.m"; sourceTree = "<group>"; };
		8C3A68CE19331E32000C0E2C /* DrugProduct.h */ = {isa = PBXFileReference; fileEncoding = 4; lastKnownFileType = sourcecode.c.h; name = DrugProduct.h; path = "../../Dr. Lee's Reference/Dr. Lee's Reference/Model/DrugProduct.h"; sourceTree = "<group>"; };
		8C3A68CF19331E32000C0E2C /* DrugProduct.m */ = {isa = PBXFileReference; fileEncoding = 4; lastKnownFileType = sourcecode.c.objc; name = DrugProduct.m; path = "../../Dr. Lee's Reference/Dr. Lee's Reference/Model/DrugProduct.m"; sourceTree = "<group>"; };
		8C3A68D019331E32000C0E2C /* DrugRegActionDate.h */ = {isa = PBXFileReference; fileEncoding = 4; lastKnownFileType = sourcecode.c.h; name = DrugRegActionDate.h; path = "../../Dr. Lee's Reference/Dr. Lee's Reference/Model/DrugRegActionDate.h"; sourceTree = "<group>"; };
		8C3A68D119331E32000C0E2C /* DrugRegActionDate.m */ = {isa = PBXFileReference; fileEncoding = 4; lastKnownFileType = sourcecode.c.objc; name = DrugRegActionDate.m; path = "../../Dr. Lee's Reference/Dr. Lee's Reference/Model/DrugRegActionDate.m"; sourceTree = "<group>"; };
		8C3A68D219331E32000C0E2C /* DrugReviewClass_Lookup.h */ = {isa = PBXFileReference; fileEncoding = 4; lastKnownFileType = sourcecode.c.h; name = DrugReviewClass_Lookup.h; path = "../../Dr. Lee's Reference/Dr. Lee's Reference/Model/DrugReviewClass_Lookup.h"; sourceTree = "<group>"; };
		8C3A68D319331E32000C0E2C /* DrugReviewClass_Lookup.m */ = {isa = PBXFileReference; fileEncoding = 4; lastKnownFileType = sourcecode.c.objc; name = DrugReviewClass_Lookup.m; path = "../../Dr. Lee's Reference/Dr. Lee's Reference/Model/DrugReviewClass_Lookup.m"; sourceTree = "<group>"; };
		8C3A68E819332BAD000C0E2C /* ICD10Procedure.h */ = {isa = PBXFileReference; fileEncoding = 4; lastKnownFileType = sourcecode.c.h; name = ICD10Procedure.h; path = "../../Dr. Lee's Reference/Dr. Lee's Reference/Model/ICD10Procedure.h"; sourceTree = "<group>"; };
		8C3A68E919332BAD000C0E2C /* ICD10Procedure.m */ = {isa = PBXFileReference; fileEncoding = 4; lastKnownFileType = sourcecode.c.objc; name = ICD10Procedure.m; path = "../../Dr. Lee's Reference/Dr. Lee's Reference/Model/ICD10Procedure.m"; sourceTree = "<group>"; };
		8C3E2E711918946C0077CF5A /* Database.h */ = {isa = PBXFileReference; fileEncoding = 4; lastKnownFileType = sourcecode.c.h; name = Database.h; path = "../../../Dr. Lee's Reference/Dr. Lee's Reference/Controller/Database.h"; sourceTree = "<group>"; };
		8C3E2E721918946C0077CF5A /* Database.m */ = {isa = PBXFileReference; fileEncoding = 4; lastKnownFileType = sourcecode.c.objc; name = Database.m; path = "../../../Dr. Lee's Reference/Dr. Lee's Reference/Controller/Database.m"; sourceTree = "<group>"; };
		D306F727684247149BF7310D /* libPods-DataSource.a */ = {isa = PBXFileReference; explicitFileType = archive.ar; includeInIndex = 0; path = "libPods-DataSource.a"; sourceTree = BUILT_PRODUCTS_DIR; };
/* End PBXFileReference section */

/* Begin PBXFrameworksBuildPhase section */
		11322DDD1857A2E30007E7B9 /* Frameworks */ = {
			isa = PBXFrameworksBuildPhase;
			buildActionMask = 2147483647;
			files = (
				58264E88189E97E200D83B00 /* libJJJ.a in Frameworks */,
				11322DF71857A3070007E7B9 /* libxml2.dylib in Frameworks */,
				11322DE41857A2E30007E7B9 /* CoreData.framework in Frameworks */,
				11322DE61857A2E30007E7B9 /* Foundation.framework in Frameworks */,
				B631D180A81C48A49AE71C6D /* libPods-DataSource.a in Frameworks */,
			);
			runOnlyForDeploymentPostprocessing = 0;
		};
/* End PBXFrameworksBuildPhase section */

/* Begin PBXGroup section */
		11322DD71857A2E30007E7B9 = {
			isa = PBXGroup;
			children = (
				58264E67189E95B200D83B00 /* JJJ.xcodeproj */,
				11322DE71857A2E30007E7B9 /* DataSource */,
				11322DE21857A2E30007E7B9 /* Frameworks */,
				11322DE11857A2E30007E7B9 /* Products */,
				10F2562502044ED380BA6CD7 /* Pods-DataSource.xcconfig */,
			);
			sourceTree = "<group>";
		};
		11322DE11857A2E30007E7B9 /* Products */ = {
			isa = PBXGroup;
			children = (
				11322DE01857A2E30007E7B9 /* DataSource */,
			);
			name = Products;
			sourceTree = "<group>";
		};
		11322DE21857A2E30007E7B9 /* Frameworks */ = {
			isa = PBXGroup;
			children = (
				58264E61189E941F00D83B00 /* libJJJ.a */,
				11322DF61857A3070007E7B9 /* libxml2.dylib */,
				11322DE31857A2E30007E7B9 /* CoreData.framework */,
				11322DE51857A2E30007E7B9 /* Foundation.framework */,
				D306F727684247149BF7310D /* libPods-DataSource.a */,
			);
			name = Frameworks;
			sourceTree = "<group>";
		};
		11322DE71857A2E30007E7B9 /* DataSource */ = {
			isa = PBXGroup;
			children = (
				1133835C1859A9EA00CBA6FF /* Controller */,
				113383691859AA5E00CBA6FF /* Data */,
				11322DE81857A2E30007E7B9 /* main.m */,
				113383871859AABB00CBA6FF /* Model */,
				11322DEA1857A2E30007E7B9 /* Supporting Files */,
			);
			path = DataSource;
			sourceTree = "<group>";
		};
		11322DEA1857A2E30007E7B9 /* Supporting Files */ = {
			isa = PBXGroup;
			children = (
				11322DEB1857A2E30007E7B9 /* DataSource-Prefix.pch */,
			);
			name = "Supporting Files";
			sourceTree = "<group>";
		};
		1133835C1859A9EA00CBA6FF /* Controller */ = {
			isa = PBXGroup;
			children = (
				8C3E2E711918946C0077CF5A /* Database.h */,
				8C3E2E721918946C0077CF5A /* Database.m */,
				5815F0AA1905867F00BB62AE /* DiagnosesLoader.h */,
				5815F0AB1905867F00BB62AE /* DiagnosesLoader.m */,
				113383611859AA1900CBA6FF /* DictionaryLoader.h */,
				113383621859AA1900CBA6FF /* DictionaryLoader.m */,
				1133835D1859AA1900CBA6FF /* DrugsLoader.h */,
				1133835E1859AA1900CBA6FF /* DrugsLoader.m */,
				1133835F1859AA1900CBA6FF /* FileDownloader.h */,
				113383601859AA1900CBA6FF /* FileDownloader.m */,
				5815F0B01905869700BB62AE /* ProceduresLoader.h */,
				5815F0B11905869700BB62AE /* ProceduresLoader.m */,
			);
			path = Controller;
			sourceTree = "<group>";
		};
		113383691859AA5E00CBA6FF /* Data */ = {
			isa = PBXGroup;
			children = (
				1133836A1859AA7200CBA6FF /* db.sql */,
				5803D56D19304BE500A32230 /* dictionary */,
				1133836B1859AA7200CBA6FF /* drugsatfda */,
				113383751859AA7200CBA6FF /* icd10 */,
			);
			path = Data;
			sourceTree = "<group>";
		};
		1133836B1859AA7200CBA6FF /* drugsatfda */ = {
			isa = PBXGroup;
			children = (
				1133836C1859AA7200CBA6FF /* AppDoc.txt */,
				1133836D1859AA7200CBA6FF /* AppDocType_Lookup.txt */,
				1133836E1859AA7200CBA6FF /* application.txt */,
				1133836F1859AA7200CBA6FF /* ChemTypeLookup.txt */,
				113383701859AA7200CBA6FF /* DocType_lookup.txt */,
				113383711859AA7200CBA6FF /* Product.txt */,
				113383721859AA7200CBA6FF /* Product_tecode.txt */,
				113383731859AA7200CBA6FF /* RegActionDate.txt */,
				113383741859AA7200CBA6FF /* ReviewClass_Lookup.txt */,
			);
			path = drugsatfda;
			sourceTree = "<group>";
		};
		113383751859AA7200CBA6FF /* icd10 */ = {
			isa = PBXGroup;
			children = (
				5815F0B31905896D00BB62AE /* CM */,
				5815F0D51905896D00BB62AE /* PCS */,
			);
			path = icd10;
			sourceTree = "<group>";
		};
		113383871859AABB00CBA6FF /* Model */ = {
			isa = PBXGroup;
			children = (
				8C2E63691910FF3000B5A908 /* database.xcdatamodeld */,
				113383921859AAD400CBA6FF /* DictionarySynonym.h */,
				113383931859AAD400CBA6FF /* DictionarySynonym.m */,
				119B62EF185C827C009D3184 /* DictionaryTerm.h */,
				119B62F0185C827C009D3184 /* DictionaryTerm.m */,
				119B62F1185C827C009D3184 /* DictionaryXRef.h */,
				119B62F2185C827C009D3184 /* DictionaryXRef.m */,
				8C3A68C219331E32000C0E2C /* DrugAppDoc.h */,
				8C3A68C319331E32000C0E2C /* DrugAppDoc.m */,
				8C3A68C419331E32000C0E2C /* DrugAppDocType_Lookup.h */,
				8C3A68C519331E32000C0E2C /* DrugAppDocType_Lookup.m */,
				8C3A68C619331E32000C0E2C /* DrugApplication.h */,
				8C3A68C719331E32000C0E2C /* DrugApplication.m */,
				8C3A68C819331E32000C0E2C /* DrugChemicalType_Lookup.h */,
				8C3A68C919331E32000C0E2C /* DrugChemicalType_Lookup.m */,
				8C3A68CA19331E32000C0E2C /* DrugDocType_Lookup.h */,
				8C3A68CB19331E32000C0E2C /* DrugDocType_Lookup.m */,
				8C3A68CE19331E32000C0E2C /* DrugProduct.h */,
				8C3A68CF19331E32000C0E2C /* DrugProduct.m */,
				8C3A68CC19331E32000C0E2C /* DrugProduct_TECode.h */,
				8C3A68CD19331E32000C0E2C /* DrugProduct_TECode.m */,
				8C3A68D019331E32000C0E2C /* DrugRegActionDate.h */,
				8C3A68D119331E32000C0E2C /* DrugRegActionDate.m */,
				8C3A68D219331E32000C0E2C /* DrugReviewClass_Lookup.h */,
				8C3A68D319331E32000C0E2C /* DrugReviewClass_Lookup.m */,
				113383961859AAD400CBA6FF /* Favorite.h */,
				113383971859AAD400CBA6FF /* Favorite.m */,
				113383981859AAD400CBA6FF /* History.h */,
				113383991859AAD400CBA6FF /* History.m */,
				5815F08D1905841000BB62AE /* ICD10Diagnosis.h */,
				5815F08E1905841000BB62AE /* ICD10Diagnosis.m */,
				5815F08F1905841000BB62AE /* ICD10DiagnosisDrug.h */,
				5815F0901905841000BB62AE /* ICD10DiagnosisDrug.m */,
				5815F0911905841000BB62AE /* ICD10DiagnosisEIndex.h */,
				5815F0921905841000BB62AE /* ICD10DiagnosisEIndex.m */,
				5815F0931905841000BB62AE /* ICD10DiagnosisIndex.h */,
				5815F0941905841000BB62AE /* ICD10DiagnosisIndex.m */,
				5815F0951905841000BB62AE /* ICD10DiagnosisNeoplasm.h */,
				5815F0961905841000BB62AE /* ICD10DiagnosisNeoplasm.m */,
				8C3A68E819332BAD000C0E2C /* ICD10Procedure.h */,
				8C3A68E919332BAD000C0E2C /* ICD10Procedure.m */,
				5815F0991905841000BB62AE /* ICD10ProcedureDefinition.h */,
				5815F09A1905841000BB62AE /* ICD10ProcedureDefinition.m */,
				5815F09B1905841000BB62AE /* ICD10ProcedureIndex.h */,
				5815F09C1905841000BB62AE /* ICD10ProcedureIndex.m */,
			);
			name = Model;
			sourceTree = "<group>";
		};
		5803D56D19304BE500A32230 /* dictionary */ = {
			isa = PBXGroup;
			children = (
				5803D56E19304BE500A32230 /* 9_syns.csv */,
				5803D56F19304BE500A32230 /* 9_terms.csv */,
				5803D57019304BE500A32230 /* 9_xrefs.csv */,
				5803D5BF19304C8200A32230 /* a_syns.csv */,
				5803D5C019304C8200A32230 /* a_terms.csv */,
				5803D5C119304C8200A32230 /* a_xrefs.csv */,
				5803D5C219304C8200A32230 /* b_syns.csv */,
				5803D5C319304C8200A32230 /* b_terms.csv */,
				5803D5C419304C8200A32230 /* b_xrefs.csv */,
				5803D5C519304C8200A32230 /* c_syns.csv */,
				5803D5C619304C8200A32230 /* c_terms.csv */,
				5803D5C719304C8200A32230 /* c_xrefs.csv */,
				5803D5C819304C8200A32230 /* d_syns.csv */,
				5803D5C919304C8200A32230 /* d_terms.csv */,
				5803D5CA19304C8200A32230 /* d_xrefs.csv */,
				5803D5CB19304C8200A32230 /* e_syns.csv */,
				5803D5CC19304C8200A32230 /* e_terms.csv */,
				5803D5CD19304C8200A32230 /* e_xrefs.csv */,
				5803D5CE19304C8200A32230 /* f_syns.csv */,
				5803D5CF19304C8200A32230 /* f_terms.csv */,
				5803D5D019304C8200A32230 /* f_xrefs.csv */,
				5803D5D119304C8200A32230 /* g_syns.csv */,
				5803D5D219304C8200A32230 /* g_terms.csv */,
				5803D5D319304C8200A32230 /* g_xrefs.csv */,
				5803D5D419304C8200A32230 /* h_syns.csv */,
				5803D5D519304C8200A32230 /* h_terms.csv */,
				5803D5D619304C8200A32230 /* h_xrefs.csv */,
				5803D5D719304C8200A32230 /* i_syns.csv */,
				5803D5D819304C8200A32230 /* i_terms.csv */,
				5803D5D919304C8200A32230 /* i_xrefs.csv */,
				5803D5DA19304C8200A32230 /* j_syns.csv */,
				5803D5DB19304C8200A32230 /* j_terms.csv */,
				5803D5DC19304C8200A32230 /* j_xrefs.csv */,
				5803D5DD19304C8200A32230 /* k_syns.csv */,
				5803D5DE19304C8200A32230 /* k_terms.csv */,
				5803D5DF19304C8200A32230 /* k_xrefs.csv */,
				5803D5E019304C8200A32230 /* l_syns.csv */,
				5803D5E119304C8200A32230 /* l_terms.csv */,
				5803D5E219304C8200A32230 /* l_xrefs.csv */,
				5803D5E319304C8200A32230 /* m_syns.csv */,
				5803D5E419304C8200A32230 /* m_terms.csv */,
				5803D5E519304C8200A32230 /* m_xrefs.csv */,
				5803D5E619304C8200A32230 /* n_syns.csv */,
				5803D5E719304C8200A32230 /* n_terms.csv */,
				5803D5E819304C8200A32230 /* n_xrefs.csv */,
				5803D5E919304C8200A32230 /* o_syns.csv */,
				5803D5EA19304C8200A32230 /* o_terms.csv */,
				5803D5EB19304C8200A32230 /* o_xrefs.csv */,
				5803D5EC19304C8200A32230 /* p_syns.csv */,
				5803D5ED19304C8200A32230 /* p_terms.csv */,
				5803D5EE19304C8200A32230 /* p_xrefs.csv */,
				5803D5EF19304C8200A32230 /* q_syns.csv */,
				5803D5F019304C8200A32230 /* q_terms.csv */,
				5803D5F119304C8200A32230 /* q_xrefs.csv */,
				5803D5F219304C8200A32230 /* r_syns.csv */,
				5803D5F319304C8200A32230 /* r_terms.csv */,
				5803D5F419304C8200A32230 /* r_xrefs.csv */,
				5803D5F519304C8200A32230 /* s_syns.csv */,
				5803D5F619304C8200A32230 /* s_terms.csv */,
				5803D5F719304C8200A32230 /* s_xrefs.csv */,
				5803D5F819304C8200A32230 /* t_syns.csv */,
				5803D5F919304C8200A32230 /* t_terms.csv */,
				5803D5FA19304C8200A32230 /* t_xrefs.csv */,
				5803D5FB19304C8200A32230 /* u_syns.csv */,
				5803D5FC19304C8200A32230 /* u_terms.csv */,
				5803D5FD19304C8200A32230 /* u_xrefs.csv */,
				5803D5FE19304C8200A32230 /* v_syns.csv */,
				5803D5FF19304C8200A32230 /* v_terms.csv */,
				5803D60019304C8200A32230 /* v_xrefs.csv */,
				5803D60119304C8200A32230 /* w_syns.csv */,
				5803D60219304C8200A32230 /* w_terms.csv */,
				5803D60319304C8200A32230 /* w_xrefs.csv */,
				5803D60419304C8200A32230 /* x_syns.csv */,
				5803D60519304C8200A32230 /* x_terms.csv */,
				5803D60619304C8200A32230 /* x_xrefs.csv */,
				5803D60719304C8200A32230 /* y_syns.csv */,
				5803D60819304C8200A32230 /* y_terms.csv */,
				5803D60919304C8200A32230 /* y_xrefs.csv */,
				5803D60A19304C8200A32230 /* z_syns.csv */,
				5803D60B19304C8200A32230 /* z_terms.csv */,
				5803D60C19304C8200A32230 /* z_xrefs.csv */,
			);
			path = dictionary;
			sourceTree = "<group>";
		};
		5815F0B31905896D00BB62AE /* CM */ = {
			isa = PBXGroup;
			children = (
				5815F0B41905896D00BB62AE /* 2014-ICD10-Code-Descriptions */,
				5815F0B81905896D00BB62AE /* 2014-ICD10-Code-Tables-and-Index */,
				5815F0C31905896D00BB62AE /* 2014-Reimbursement-Mappings-DX */,
				5815F0C61905896D00BB62AE /* Detailed-List-of-Codes-Exempt-from-POA */,
				5815F0CB1905896D00BB62AE /* DiagnosisGEMs-2014 */,
				5815F0D11905896D00BB62AE /* ICD10CM-duplicate-codes */,
			);
			path = CM;
			sourceTree = "<group>";
		};
		5815F0B41905896D00BB62AE /* 2014-ICD10-Code-Descriptions */ = {
			isa = PBXGroup;
			children = (
				5815F0B51905896D00BB62AE /* icd10cm_diff_2014.txt */,
				5815F0B61905896D00BB62AE /* icd10cm_order_2014.txt */,
				5815F0B71905896D00BB62AE /* ICD10OrderFiles.pdf */,
			);
			path = "2014-ICD10-Code-Descriptions";
			sourceTree = "<group>";
		};
		5815F0B81905896D00BB62AE /* 2014-ICD10-Code-Tables-and-Index */ = {
			isa = PBXGroup;
			children = (
				5815F0B91905896D00BB62AE /* Drug.pdf */,
				5815F0BA1905896D00BB62AE /* Drug.xml */,
				5815F0BB1905896D00BB62AE /* E-Index.pdf */,
				5815F0BC1905896D00BB62AE /* E-Index.xml */,
				5815F0BD1905896D00BB62AE /* Index.pdf */,
				5815F0BE1905896D00BB62AE /* Index.xml */,
				5815F0BF1905896D00BB62AE /* Neoplasm.pdf */,
				5815F0C01905896D00BB62AE /* Neoplasm.xml */,
				5815F0C11905896D00BB62AE /* Tabular.pdf */,
				5815F0C21905896D00BB62AE /* Tabular.xml */,
			);
			path = "2014-ICD10-Code-Tables-and-Index";
			sourceTree = "<group>";
		};
		5815F0C31905896D00BB62AE /* 2014-Reimbursement-Mappings-DX */ = {
			isa = PBXGroup;
			children = (
				5815F0C41905896D00BB62AE /* reimb_map_dx_2014.txt */,
				5815F0C51905896D00BB62AE /* reimb_map_guide_2014.pdf */,
			);
			path = "2014-Reimbursement-Mappings-DX";
			sourceTree = "<group>";
		};
		5815F0C61905896D00BB62AE /* Detailed-List-of-Codes-Exempt-from-POA */ = {
			isa = PBXGroup;
			children = (
				5815F0C71905896D00BB62AE /* 2014-I10Dx-codes.txt */,
				5815F0C81905896D00BB62AE /* Detailed List  of Codes Exempt from POA.pdf */,
				5815F0C91905896D00BB62AE /* Detailed List  of Codes Exempt from POA.txt */,
				5815F0CA1905896D00BB62AE /* Detailed List  of Codes Exempt from POA.xlsx */,
			);
			path = "Detailed-List-of-Codes-Exempt-from-POA";
			sourceTree = "<group>";
		};
		5815F0CB1905896D00BB62AE /* DiagnosisGEMs-2014 */ = {
			isa = PBXGroup;
			children = (
				5815F0CC1905896D00BB62AE /* 2014_I10gem.txt */,
				5815F0CD1905896D00BB62AE /* 2014_I9gem.txt */,
				5815F0CE1905896D00BB62AE /* Dxgem_guide_2014.pdf */,
				5815F0CF1905896D00BB62AE /* Gems2014UpdateSummary.pdf */,
				5815F0D01905896D00BB62AE /* GemsTechDoc.pdf */,
			);
			path = "DiagnosisGEMs-2014";
			sourceTree = "<group>";
		};
		5815F0D11905896D00BB62AE /* ICD10CM-duplicate-codes */ = {
			isa = PBXGroup;
			children = (
				5815F0D21905896D00BB62AE /* duplicate_ICD10CM_codes.pdf */,
				5815F0D31905896D00BB62AE /* duplicate_ICD10CM_codes.txt */,
				5815F0D41905896D00BB62AE /* duplicate_ICD10CM_codes.xlsx */,
			);
			path = "ICD10CM-duplicate-codes";
			sourceTree = "<group>";
		};
		5815F0D51905896D00BB62AE /* PCS */ = {
			isa = PBXGroup;
			children = (
				5815F0D61905896D00BB62AE /* 2014-addendum */,
				5815F0E11905896D00BB62AE /* 2014-Code-Tables-and-Index */,
				5815F0E91905896D00BB62AE /* 2014-PCS-long-and-abbreviated-titles */,
				5815F0EC1905896D00BB62AE /* 2014-pcs-procedure-coding-system.pdf */,
				5815F0ED1905896D00BB62AE /* 2014-Reference-Manual */,
				5815F0F01905896D00BB62AE /* 2014-Reimbursement-Mappings-PR */,
				5815F0F31905896D00BB62AE /* PCS-2014-guidelines.pdf */,
				5815F0F41905896D00BB62AE /* pcs-slides-2014 */,
				5815F0F71905896D00BB62AE /* pcs-whats-new-2014.pdf */,
				5815F0F81905896D00BB62AE /* ProcedureGEMs-2014 */,
			);
			path = PCS;
			sourceTree = "<group>";
		};
		5815F0D61905896D00BB62AE /* 2014-addendum */ = {
			isa = PBXGroup;
			children = (
				5815F0D71905896D00BB62AE /* definitions_addenda_2014.pdf */,
				5815F0D81905896D00BB62AE /* definitions_addenda_2014.txt */,
				5815F0D91905896D00BB62AE /* icd10pcs_diff_13_14.txt */,
				5815F0DA1905896D00BB62AE /* index_addenda_2014.pdf */,
				5815F0DB1905896D00BB62AE /* index_addenda_2014.txt */,
				5815F0DC1905896D00BB62AE /* pcs_addenda_readme2014.pdf */,
				5815F0DD1905896D00BB62AE /* PcsAddendaAdditionsNewLabels.pdf */,
				5815F0DE1905896D00BB62AE /* PcsAddendaAdditionsNewLabels.xml */,
				5815F0DF1905896D00BB62AE /* PcsAddendaDeletionsOldLabels.pdf */,
				5815F0E01905896D00BB62AE /* PcsAddendaDeletionsOldLabels.xml */,
			);
			path = "2014-addendum";
			sourceTree = "<group>";
		};
		5815F0E11905896D00BB62AE /* 2014-Code-Tables-and-Index */ = {
			isa = PBXGroup;
			children = (
				5815F0E21905896D00BB62AE /* icd10pcs_definitions.xsd */,
				5815F0E31905896D00BB62AE /* icd10pcs_definitions_2014.xml */,
				5815F0E41905896D00BB62AE /* icd10pcs_index.xsd */,
				5815F0E51905896D00BB62AE /* icd10pcs_index_2014.xml */,
				5815F0E61905896D00BB62AE /* icd10pcs_tabular.xsd */,
				5815F0E71905896D00BB62AE /* icd10pcs_tabular_2014.xml */,
				5815F0E81905896D00BB62AE /* PCS_2014.pdf */,
			);
			path = "2014-Code-Tables-and-Index";
			sourceTree = "<group>";
		};
		5815F0E91905896D00BB62AE /* 2014-PCS-long-and-abbreviated-titles */ = {
			isa = PBXGroup;
			children = (
				5815F0EA1905896D00BB62AE /* ICD10OrderFiles.pdf */,
				5815F0EB1905896D00BB62AE /* icd10pcs_order_2014.txt */,
			);
			path = "2014-PCS-long-and-abbreviated-titles";
			sourceTree = "<group>";
		};
		5815F0ED1905896D00BB62AE /* 2014-Reference-Manual */ = {
			isa = PBXGroup;
			children = (
				5815F0EE1905896D00BB62AE /* ICD-10-PCS Reference Manual.pdf */,
				5815F0EF1905896D00BB62AE /* pcs_ref_addenda_2014.pdf */,
			);
			path = "2014-Reference-Manual";
			sourceTree = "<group>";
		};
		5815F0F01905896D00BB62AE /* 2014-Reimbursement-Mappings-PR */ = {
			isa = PBXGroup;
			children = (
				5815F0F11905896D00BB62AE /* reimb_map_guide_2014.pdf */,
				5815F0F21905896D00BB62AE /* reimb_map_pr_2014.txt */,
			);
			path = "2014-Reimbursement-Mappings-PR";
			sourceTree = "<group>";
		};
		5815F0F41905896D00BB62AE /* pcs-slides-2014 */ = {
			isa = PBXGroup;
			children = (
				5815F0F51905896D00BB62AE /* pcs_slides2014.pdf */,
				5815F0F61905896D00BB62AE /* pcs_slides2014_outline.pdf */,
			);
			path = "pcs-slides-2014";
			sourceTree = "<group>";
		};
		5815F0F81905896D00BB62AE /* ProcedureGEMs-2014 */ = {
			isa = PBXGroup;
			children = (
				5815F0F91905896D00BB62AE /* gem_i9pcs.txt */,
				5815F0FA1905896D00BB62AE /* gem_pcsi9.txt */,
				5815F0FB1905896D00BB62AE /* Gems2014UpdateSummary.pdf */,
				5815F0FC1905896D00BB62AE /* GemsTechDoc.pdf */,
				5815F0FD1905896D00BB62AE /* pcs_gemguide_2014.pdf */,
			);
			path = "ProcedureGEMs-2014";
			sourceTree = "<group>";
		};
		58264E68189E95B200D83B00 /* Products */ = {
			isa = PBXGroup;
			children = (
				58264E6E189E95B300D83B00 /* libJJJ.a */,
				58264E70189E95B300D83B00 /* JJJTests.xctest */,
				58264E72189E95B300D83B00 /* JJJBundle.bundle */,
			);
			name = Products;
			sourceTree = "<group>";
		};
/* End PBXGroup section */

/* Begin PBXNativeTarget section */
		11322DDF1857A2E30007E7B9 /* DataSource */ = {
			isa = PBXNativeTarget;
			buildConfigurationList = 11322DF31857A2E40007E7B9 /* Build configuration list for PBXNativeTarget "DataSource" */;
			buildPhases = (
				C1C1F7E1327140189E178BF9 /* Check Pods Manifest.lock */,
				11322DDC1857A2E30007E7B9 /* Sources */,
				11322DDD1857A2E30007E7B9 /* Frameworks */,
				11322DDE1857A2E30007E7B9 /* CopyFiles */,
				7B8B3A124DCD48B58C622501 /* Copy Pods Resources */,
			);
			buildRules = (
			);
			dependencies = (
			);
			name = DataSource;
			productName = DataSource;
			productReference = 11322DE01857A2E30007E7B9 /* DataSource */;
			productType = "com.apple.product-type.tool";
		};
/* End PBXNativeTarget section */

/* Begin PBXProject section */
		11322DD81857A2E30007E7B9 /* Project object */ = {
			isa = PBXProject;
			attributes = {
				LastUpgradeCheck = 0500;
				ORGANIZATIONNAME = "Jovito Royeca";
			};
			buildConfigurationList = 11322DDB1857A2E30007E7B9 /* Build configuration list for PBXProject "DataSource" */;
			compatibilityVersion = "Xcode 3.2";
			developmentRegion = English;
			hasScannedForEncodings = 0;
			knownRegions = (
				en,
			);
			mainGroup = 11322DD71857A2E30007E7B9;
			productRefGroup = 11322DE11857A2E30007E7B9 /* Products */;
			projectDirPath = "";
			projectReferences = (
				{
					ProductGroup = 58264E68189E95B200D83B00 /* Products */;
					ProjectRef = 58264E67189E95B200D83B00 /* JJJ.xcodeproj */;
				},
			);
			projectRoot = "";
			targets = (
				11322DDF1857A2E30007E7B9 /* DataSource */,
			);
		};
/* End PBXProject section */

/* Begin PBXReferenceProxy section */
		58264E6E189E95B300D83B00 /* libJJJ.a */ = {
			isa = PBXReferenceProxy;
			fileType = archive.ar;
			path = libJJJ.a;
			remoteRef = 58264E6D189E95B300D83B00 /* PBXContainerItemProxy */;
			sourceTree = BUILT_PRODUCTS_DIR;
		};
		58264E70189E95B300D83B00 /* JJJTests.xctest */ = {
			isa = PBXReferenceProxy;
			fileType = wrapper.cfbundle;
			path = JJJTests.xctest;
			remoteRef = 58264E6F189E95B300D83B00 /* PBXContainerItemProxy */;
			sourceTree = BUILT_PRODUCTS_DIR;
		};
		58264E72189E95B300D83B00 /* JJJBundle.bundle */ = {
			isa = PBXReferenceProxy;
			fileType = wrapper.cfbundle;
			path = JJJBundle.bundle;
			remoteRef = 58264E71189E95B300D83B00 /* PBXContainerItemProxy */;
			sourceTree = BUILT_PRODUCTS_DIR;
		};
/* End PBXReferenceProxy section */

/* Begin PBXShellScriptBuildPhase section */
		7B8B3A124DCD48B58C622501 /* Copy Pods Resources */ = {
			isa = PBXShellScriptBuildPhase;
			buildActionMask = 2147483647;
			files = (
			);
			inputPaths = (
			);
			name = "Copy Pods Resources";
			outputPaths = (
			);
			runOnlyForDeploymentPostprocessing = 0;
			shellPath = /bin/sh;
			shellScript = "\"${SRCROOT}/Pods/Pods-DataSource-resources.sh\"\n";
			showEnvVarsInLog = 0;
		};
		C1C1F7E1327140189E178BF9 /* Check Pods Manifest.lock */ = {
			isa = PBXShellScriptBuildPhase;
			buildActionMask = 2147483647;
			files = (
			);
			inputPaths = (
			);
			name = "Check Pods Manifest.lock";
			outputPaths = (
			);
			runOnlyForDeploymentPostprocessing = 0;
			shellPath = /bin/sh;
			shellScript = "diff \"${PODS_ROOT}/../Podfile.lock\" \"${PODS_ROOT}/Manifest.lock\" > /dev/null\nif [[ $? != 0 ]] ; then\n    cat << EOM\nerror: The sandbox is not in sync with the Podfile.lock. Run 'pod install' or update your CocoaPods installation.\nEOM\n    exit 1\nfi\n";
			showEnvVarsInLog = 0;
		};
/* End PBXShellScriptBuildPhase section */

/* Begin PBXSourcesBuildPhase section */
		11322DDC1857A2E30007E7B9 /* Sources */ = {
			isa = PBXSourcesBuildPhase;
			buildActionMask = 2147483647;
			files = (
				5815F0AC1905867F00BB62AE /* DiagnosesLoader.m in Sources */,
				5815F0A01905841000BB62AE /* ICD10DiagnosisEIndex.m in Sources */,
				8C3A68DC19331E32000C0E2C /* DrugReviewClass_Lookup.m in Sources */,
				8C3A68EA19332BAD000C0E2C /* ICD10Procedure.m in Sources */,
				8C3A68D619331E32000C0E2C /* DrugApplication.m in Sources */,
				8C3A68D519331E32000C0E2C /* DrugAppDocType_Lookup.m in Sources */,
				119B62F4185C827C009D3184 /* DictionaryTerm.m in Sources */,
				113383A71859AAD400CBA6FF /* DictionarySynonym.m in Sources */,
				5815F0B21905869700BB62AE /* ProceduresLoader.m in Sources */,
				5815F09F1905841000BB62AE /* ICD10DiagnosisDrug.m in Sources */,
				5815F0A11905841000BB62AE /* ICD10DiagnosisIndex.m in Sources */,
				113383A91859AAD400CBA6FF /* Favorite.m in Sources */,
				113383AA1859AAD400CBA6FF /* History.m in Sources */,
				11322DE91857A2E30007E7B9 /* main.m in Sources */,
				8C3A68D819331E32000C0E2C /* DrugDocType_Lookup.m in Sources */,
				8C3E2E731918946C0077CF5A /* Database.m in Sources */,
				119B62F5185C827C009D3184 /* DictionaryXRef.m in Sources */,
				8C3A68DB19331E32000C0E2C /* DrugRegActionDate.m in Sources */,
				8C3A68DA19331E32000C0E2C /* DrugProduct.m in Sources */,
				8C3A68D419331E32000C0E2C /* DrugAppDoc.m in Sources */,
				5815F0A41905841000BB62AE /* ICD10ProcedureDefinition.m in Sources */,
				8C3A68D719331E32000C0E2C /* DrugChemicalType_Lookup.m in Sources */,
				113383641859AA1900CBA6FF /* FileDownloader.m in Sources */,
				5815F0A51905841000BB62AE /* ICD10ProcedureIndex.m in Sources */,
				113383631859AA1900CBA6FF /* DrugsLoader.m in Sources */,
				113383651859AA1900CBA6FF /* DictionaryLoader.m in Sources */,
				8C2E636C1910FF3000B5A908 /* database.xcdatamodeld in Sources */,
				8C3A68D919331E32000C0E2C /* DrugProduct_TECode.m in Sources */,
				5815F0A21905841000BB62AE /* ICD10DiagnosisNeoplasm.m in Sources */,
				5815F09E1905841000BB62AE /* ICD10Diagnosis.m in Sources */,
			);
			runOnlyForDeploymentPostprocessing = 0;
		};
/* End PBXSourcesBuildPhase section */

/* Begin XCBuildConfiguration section */
		11322DF11857A2E40007E7B9 /* Debug */ = {
			isa = XCBuildConfiguration;
			buildSettings = {
				ALWAYS_SEARCH_USER_PATHS = NO;
				CLANG_CXX_LANGUAGE_STANDARD = "gnu++0x";
				CLANG_CXX_LIBRARY = "libc++";
				CLANG_ENABLE_OBJC_ARC = YES;
				CLANG_WARN_BOOL_CONVERSION = YES;
				CLANG_WARN_CONSTANT_CONVERSION = YES;
				CLANG_WARN_DIRECT_OBJC_ISA_USAGE = YES_ERROR;
				CLANG_WARN_EMPTY_BODY = YES;
				CLANG_WARN_ENUM_CONVERSION = YES;
				CLANG_WARN_INT_CONVERSION = YES;
				CLANG_WARN_OBJC_ROOT_CLASS = YES_ERROR;
				CLANG_WARN__DUPLICATE_METHOD_MATCH = YES;
				COPY_PHASE_STRIP = NO;
				GCC_C_LANGUAGE_STANDARD = gnu99;
				GCC_DYNAMIC_NO_PIC = NO;
				GCC_ENABLE_OBJC_EXCEPTIONS = YES;
				GCC_OPTIMIZATION_LEVEL = 0;
				GCC_PREPROCESSOR_DEFINITIONS = (
					"DEBUG=1",
					"$(inherited)",
				);
				GCC_SYMBOLS_PRIVATE_EXTERN = NO;
				GCC_WARN_64_TO_32_BIT_CONVERSION = YES;
				GCC_WARN_ABOUT_RETURN_TYPE = YES_ERROR;
				GCC_WARN_UNDECLARED_SELECTOR = YES;
				GCC_WARN_UNINITIALIZED_AUTOS = YES;
				GCC_WARN_UNUSED_FUNCTION = YES;
				GCC_WARN_UNUSED_VARIABLE = YES;
				HEADER_SEARCH_PATHS = (
					"$(inherited)",
					/Applications/Xcode.app/Contents/Developer/Toolchains/XcodeDefault.xctoolchain/usr/include,
				);
				MACOSX_DEPLOYMENT_TARGET = 10.8;
				ONLY_ACTIVE_ARCH = YES;
				SDKROOT = macosx;
				USER_HEADER_SEARCH_PATHS = "";
			};
			name = Debug;
		};
		11322DF21857A2E40007E7B9 /* Release */ = {
			isa = XCBuildConfiguration;
			buildSettings = {
				ALWAYS_SEARCH_USER_PATHS = NO;
				CLANG_CXX_LANGUAGE_STANDARD = "gnu++0x";
				CLANG_CXX_LIBRARY = "libc++";
				CLANG_ENABLE_OBJC_ARC = YES;
				CLANG_WARN_BOOL_CONVERSION = YES;
				CLANG_WARN_CONSTANT_CONVERSION = YES;
				CLANG_WARN_DIRECT_OBJC_ISA_USAGE = YES_ERROR;
				CLANG_WARN_EMPTY_BODY = YES;
				CLANG_WARN_ENUM_CONVERSION = YES;
				CLANG_WARN_INT_CONVERSION = YES;
				CLANG_WARN_OBJC_ROOT_CLASS = YES_ERROR;
				CLANG_WARN__DUPLICATE_METHOD_MATCH = YES;
				COPY_PHASE_STRIP = YES;
				DEBUG_INFORMATION_FORMAT = "dwarf-with-dsym";
				ENABLE_NS_ASSERTIONS = NO;
				GCC_C_LANGUAGE_STANDARD = gnu99;
				GCC_ENABLE_OBJC_EXCEPTIONS = YES;
				GCC_WARN_64_TO_32_BIT_CONVERSION = YES;
				GCC_WARN_ABOUT_RETURN_TYPE = YES_ERROR;
				GCC_WARN_UNDECLARED_SELECTOR = YES;
				GCC_WARN_UNINITIALIZED_AUTOS = YES;
				GCC_WARN_UNUSED_FUNCTION = YES;
				GCC_WARN_UNUSED_VARIABLE = YES;
				HEADER_SEARCH_PATHS = (
					"$(inherited)",
					/Applications/Xcode.app/Contents/Developer/Toolchains/XcodeDefault.xctoolchain/usr/include,
				);
				MACOSX_DEPLOYMENT_TARGET = 10.8;
				SDKROOT = macosx;
				USER_HEADER_SEARCH_PATHS = "";
			};
			name = Release;
		};
		11322DF41857A2E40007E7B9 /* Debug */ = {
			isa = XCBuildConfiguration;
			baseConfigurationReference = 10F2562502044ED380BA6CD7 /* Pods-DataSource.xcconfig */;
			buildSettings = {
				ALWAYS_SEARCH_USER_PATHS = NO;
				GCC_PRECOMPILE_PREFIX_HEADER = YES;
				GCC_PREFIX_HEADER = "DataSource/DataSource-Prefix.pch";
				HEADER_SEARCH_PATHS = (
					"$(inherited)",
					/Applications/Xcode.app/Contents/Developer/Toolchains/XcodeDefault.xctoolchain/usr/include,
					"$(SDKROOT)/usr/include/libxml2",
				);
				LIBRARY_SEARCH_PATHS = "$(inherited)";
				OTHER_LDFLAGS = "-ObjC";
				PRODUCT_NAME = "$(TARGET_NAME)";
				USER_HEADER_SEARCH_PATHS = "";
			};
			name = Debug;
		};
		11322DF51857A2E40007E7B9 /* Release */ = {
			isa = XCBuildConfiguration;
			baseConfigurationReference = 10F2562502044ED380BA6CD7 /* Pods-DataSource.xcconfig */;
			buildSettings = {
				ALWAYS_SEARCH_USER_PATHS = NO;
				GCC_PRECOMPILE_PREFIX_HEADER = YES;
				GCC_PREFIX_HEADER = "DataSource/DataSource-Prefix.pch";
				HEADER_SEARCH_PATHS = (
					"$(inherited)",
					/Applications/Xcode.app/Contents/Developer/Toolchains/XcodeDefault.xctoolchain/usr/include,
					"$(SDKROOT)/usr/include/libxml2",
				);
				LIBRARY_SEARCH_PATHS = "$(inherited)";
				OTHER_LDFLAGS = "-ObjC";
				PRODUCT_NAME = "$(TARGET_NAME)";
				USER_HEADER_SEARCH_PATHS = "";
			};
			name = Release;
		};
/* End XCBuildConfiguration section */

/* Begin XCConfigurationList section */
		11322DDB1857A2E30007E7B9 /* Build configuration list for PBXProject "DataSource" */ = {
			isa = XCConfigurationList;
			buildConfigurations = (
				11322DF11857A2E40007E7B9 /* Debug */,
				11322DF21857A2E40007E7B9 /* Release */,
			);
			defaultConfigurationIsVisible = 0;
			defaultConfigurationName = Release;
		};
		11322DF31857A2E40007E7B9 /* Build configuration list for PBXNativeTarget "DataSource" */ = {
			isa = XCConfigurationList;
			buildConfigurations = (
				11322DF41857A2E40007E7B9 /* Debug */,
				11322DF51857A2E40007E7B9 /* Release */,
			);
			defaultConfigurationIsVisible = 0;
			defaultConfigurationName = Release;
		};
/* End XCConfigurationList section */

/* Begin XCVersionGroup section */
		8C2E63691910FF3000B5A908 /* database.xcdatamodeld */ = {
			isa = XCVersionGroup;
			children = (
				8C2E636A1910FF3000B5A908 /* 2.xcdatamodel */,
				8C2E636B1910FF3000B5A908 /* 3.xcdatamodel */,
			);
			currentVersion = 8C2E636B1910FF3000B5A908 /* 3.xcdatamodel */;
			name = database.xcdatamodeld;
			path = "../../Dr. Lee's Reference/Dr. Lee's Reference/Model/database.xcdatamodeld";
			sourceTree = "<group>";
			versionGroupType = wrapper.xcdatamodel;
		};
/* End XCVersionGroup section */
	};
	rootObject = 11322DD81857A2E30007E7B9 /* Project object */;
}
